
Microsoft Visual Studio Solution File, Format Version 12.00
# Visual Studio 2013
VisualStudioVersion = 12.0.21005.1
MinimumVisualStudioVersion = 10.0.40219.1
Project("{2150E333-8FDC-42A3-9474-1A3956D46DE8}") = "Problem1", "Problem1", "{11595D7D-95F9-4976-BB79-C7E4C2A6FFCE}"
EndProject
Project("{FAE04EC0-301F-11D3-BF4B-00C04F79EFBC}") = "Electricity", "Electricity\Electricity.csproj", "{35FA59A6-55F2-4586-9BB1-E9AA2FD444F8}"
EndProject
Project("{FAE04EC0-301F-11D3-BF4B-00C04F79EFBC}") = "JoroTheFootballPlayer", "JoroTheFootballPlayer\JoroTheFootballPlayer.csproj", "{79C6CF3C-A437-48BA-9838-C1530247CE90}"
EndProject
Project("{FAE04EC0-301F-11D3-BF4B-00C04F79EFBC}") = "Volleyball", "Volleyball\Volleyball.csproj", "{DA636A9F-C88C-425F-AC10-42C47CEFD84B}"
EndProject
Project("{FAE04EC0-301F-11D3-BF4B-00C04F79EFBC}") = "Cinema", "Cinema\Cinema.csproj", "{D5FA23D0-BB5F-4966-A77C-6F9825163CD6}"
EndProject
Project("{FAE04EC0-301F-11D3-BF4B-00C04F79EFBC}") = "FruitMarket", "FruitMarket\FruitMarket.csproj", "{B531C30A-4D4E-4E37-B6DA-F827D3BCE283}"
EndProject
Project("{FAE04EC0-301F-11D3-BF4B-00C04F79EFBC}") = "InsideTheBuilding", "InsideTheBuilding\InsideTheBuilding.csproj", "{523DCCDC-5A89-4006-8602-42019E9D9396}"
EndProject
Project("{2150E333-8FDC-42A3-9474-1A3956D46DE8}") = "Problem2", "Problem2", "{C06A6C38-598B-4312-8E62-553E91991EAE}"
EndProject
Project("{FAE04EC0-301F-11D3-BF4B-00C04F79EFBC}") = "SimpleLoops", "SimpleLoops\SimpleLoops.csproj", "{8163CE0A-DF7C-4458-98FD-E39D61DC7094}"
EndProject
Project("{FAE04EC0-301F-11D3-BF4B-00C04F79EFBC}") = "FitBoxInBox", "FitBoxInBox\FitBoxInBox.csproj", "{1629B624-5CD4-4CB3-ADF9-D6C5A29379B3}"
EndProject
Project("{FAE04EC0-301F-11D3-BF4B-00C04F79EFBC}") = "WorkHours", "WorkHours\WorkHours.csproj", "{3F190D84-6614-41EC-BDD0-3A334E82A2C9}"
EndProject
Project("{FAE04EC0-301F-11D3-BF4B-00C04F79EFBC}") = "Triangle", "Triangle\Triangle.csproj", "{24976895-0B61-4947-A73B-F9B7407CBFFE}"
EndProject
Project("{FAE04EC0-301F-11D3-BF4B-00C04F79EFBC}") = "ExamSchedule (Dates)", "ExamSchedule\ExamSchedule (Dates).csproj", "{82FCACF4-0805-472C-90A5-D74EA2A520E7}"
EndProject
Project("{FAE04EC0-301F-11D3-BF4B-00C04F79EFBC}") = "SequenceOfKNumbers", "SequenceOfKNumbers\SequenceOfKNumbers.csproj", "{5CE90F1A-0BE0-438D-A469-BE93D945359F}"
EndProject
Project("{FAE04EC0-301F-11D3-BF4B-00C04F79EFBC}") = "LettersSymbolsNumbers", "LettersSymbolsNumbers\LettersSymbolsNumbers.csproj", "{A0277B6C-CC11-4C0C-92B5-D3E2958F3F83}"
EndProject
Project("{FAE04EC0-301F-11D3-BF4B-00C04F79EFBC}") = "OddAndEvenJumps", "OddAndEvenJumps\OddAndEvenJumps.csproj", "{803B80E6-0800-4D5E-A57B-732BABFCFC9A}"
EndProject
Project("{FAE04EC0-301F-11D3-BF4B-00C04F79EFBC}") = "HalfSum", "HalfSum\HalfSum.csproj", "{AE8B70F4-CA21-4C13-8725-218C95AF37A0}"
EndProject
Project("{FAE04EC0-301F-11D3-BF4B-00C04F79EFBC}") = "OddEvenSum", "OddEvenSum\OddEvenSum.csproj", "{A1D618CD-B7F3-487E-ACBA-778110E7DF4C}"
EndProject
Project("{FAE04EC0-301F-11D3-BF4B-00C04F79EFBC}") = "SumOfElements", "SumOfElements\SumOfElements.csproj", "{7A06018F-C1EA-4759-8D17-0193906FFB25}"
EndProject
Project("{FAE04EC0-301F-11D3-BF4B-00C04F79EFBC}") = "Illuminati", "Illuminati\Illuminati.csproj", "{9F4876EF-3094-43D6-964E-A45518DCA573}"
EndProject
Project("{FAE04EC0-301F-11D3-BF4B-00C04F79EFBC}") = "OddEvenElements", "OddEvenElements\OddEvenElements.csproj", "{AD520F13-1366-48AB-9CEE-315568999C0D}"
EndProject
Project("{FAE04EC0-301F-11D3-BF4B-00C04F79EFBC}") = "BiggestTriple", "BiggestTriple\BiggestTriple.csproj", "{312D2682-CFDA-4DCE-8309-C9E218B2B6EE}"
EndProject
Project("{FAE04EC0-301F-11D3-BF4B-00C04F79EFBC}") = "StudentCables", "StudentCables\StudentCables.csproj", "{037BA1F6-8B32-4978-99E1-8602EFAED6E9}"
EndProject
Project("{FAE04EC0-301F-11D3-BF4B-00C04F79EFBC}") = "Pairs", "Pairs\Pairs.csproj", "{4C9AA9C6-25BA-4CFC-8BAD-EEA5248DE550}"
EndProject
Project("{2150E333-8FDC-42A3-9474-1A3956D46DE8}") = "Problem3", "Problem3", "{9FBE3F17-A2EA-400D-B3D0-71E81A215DFE}"
EndProject
Project("{FAE04EC0-301F-11D3-BF4B-00C04F79EFBC}") = "PandaScotlandFlag", "PandaScotlandFlag\PandaScotlandFlag.csproj", "{793B578E-174B-4B3A-94FD-DE635BC04062}"
EndProject
Project("{FAE04EC0-301F-11D3-BF4B-00C04F79EFBC}") = "Sunglasses", "Sunglasses\Sunglasses.csproj", "{A88C3BE7-FB6C-4350-ACD2-DE4E5A997822}"
EndProject
Project("{FAE04EC0-301F-11D3-BF4B-00C04F79EFBC}") = "Eclipse", "Eclipse\Eclipse.csproj", "{97C0FD20-6937-42AF-8C3C-B81C990DDE79}"
EndProject
Project("{FAE04EC0-301F-11D3-BF4B-00C04F79EFBC}") = "TheExplorer", "TheExplorer\TheExplorer.csproj", "{51FBD03A-6970-4485-8C30-2D5E80B58497}"
EndProject
Project("{FAE04EC0-301F-11D3-BF4B-00C04F79EFBC}") = "NewHouse", "NewHouse\NewHouse.csproj", "{457FD2CD-98AC-43D3-A227-02E04E28FEA3}"
EndProject
Project("{FAE04EC0-301F-11D3-BF4B-00C04F79EFBC}") = "Arrow", "Arrow\Arrow.csproj", "{293C766A-24E2-45E5-BD73-4B83D36884BF}"
EndProject
Project("{FAE04EC0-301F-11D3-BF4B-00C04F79EFBC}") = "WineGlass", "WineGlass\WineGlass.csproj", "{0EE001C7-22B1-4915-8703-87B50D4051E6}"
EndProject
Project("{FAE04EC0-301F-11D3-BF4B-00C04F79EFBC}") = "ProgrammerDNA", "ProgrammerDNA\ProgrammerDNA.csproj", "{2644F6E8-9C26-4E2B-B5AD-7E36ADA80A62}"
EndProject
Project("{FAE04EC0-301F-11D3-BF4B-00C04F79EFBC}") = "Disk", "Disk\Disk.csproj", "{259C045C-9059-4C94-BC9C-CEDF07A057DC}"
EndProject
Project("{FAE04EC0-301F-11D3-BF4B-00C04F79EFBC}") = "DrawFigure", "SandGlass\DrawFigure.csproj", "{EE61D323-9ECA-40E2-9742-58C5225460DB}"
EndProject
Project("{FAE04EC0-301F-11D3-BF4B-00C04F79EFBC}") = "HouseWithAWindow", "HouseWithAWindow\HouseWithAWindow.csproj", "{C5FD151F-703E-4D10-A4DF-465A75155AA8}"
EndProject
Project("{FAE04EC0-301F-11D3-BF4B-00C04F79EFBC}") = "House", "House\House.csproj", "{6B2A3971-DFD2-45F8-B306-B659C362ABCF}"
EndProject
Project("{2150E333-8FDC-42A3-9474-1A3956D46DE8}") = "Problem4", "Problem4", "{01C40296-F134-4412-82BB-FBC3C10CB802}"
EndProject
Project("{FAE04EC0-301F-11D3-BF4B-00C04F79EFBC}") = "PokerStraight", "PokerStraight\PokerStraight.csproj", "{367783A3-F8A6-4C32-8BDC-48E1A5C20510}"
EndProject
Project("{FAE04EC0-301F-11D3-BF4B-00C04F79EFBC}") = "NestedLoops(BoolArray)", "NestedLoops\NestedLoops(BoolArray).csproj", "{6E51B34B-B394-450D-B935-3AC3968C8165}"
EndProject
Project("{FAE04EC0-301F-11D3-BF4B-00C04F79EFBC}") = "NestedLoop(CharArray)", "NestedLoopPerfect\NestedLoop(CharArray).csproj", "{AEB00838-1DCD-4A56-A2F9-7256616BA426}"
EndProject
Project("{FAE04EC0-301F-11D3-BF4B-00C04F79EFBC}") = "MorseCodeNumbers", "MorseCodeNumbers\MorseCodeNumbers.csproj", "{D669DA92-6016-49B5-B100-96D3FDFBF727}"
EndProject
Project("{FAE04EC0-301F-11D3-BF4B-00C04F79EFBC}") = "Test(HashSet)", "тест\Test(HashSet).csproj", "{E31EB794-E2CF-4C25-A4EB-379BB64536B7}"
EndProject
Project("{FAE04EC0-301F-11D3-BF4B-00C04F79EFBC}") = "NakovsMatching(SubString)", "NakovsMatching\NakovsMatching(SubString).csproj", "{CA531B1C-9230-4337-9CA0-690B13AA04AC}"
EndProject
Project("{FAE04EC0-301F-11D3-BF4B-00C04F79EFBC}") = "NineDigitMagicNumbers", "NineDigitMagicNumbers\NineDigitMagicNumbers.csproj", "{DCF2D88C-A57B-48D0-AFAE-0E7E3A56C8B2}"
EndProject
Project("{FAE04EC0-301F-11D3-BF4B-00C04F79EFBC}") = "HayvanNumbers", "HayvanNumbers\HayvanNumbers.csproj", "{34F73ED6-42A8-41C3-B0EF-1A351139676D}"
EndProject
Project("{FAE04EC0-301F-11D3-BF4B-00C04F79EFBC}") = "MagicString(8-LettrSequenceEachFrom-4Set)", "MagicString\MagicString(8-LettrSequenceEachFrom-4Set).csproj", "{AC4E8C19-3B37-4396-9EF4-2C95A01A752A}"
EndProject
Project("{FAE04EC0-301F-11D3-BF4B-00C04F79EFBC}") = "CrossingSequences(Tribonachi+Spiral)", "CrossingSequences\CrossingSequences(Tribonachi+Spiral).csproj", "{5A08DA14-257C-434D-8D58-EB7250383567}"
EndProject
Project("{FAE04EC0-301F-11D3-BF4B-00C04F79EFBC}") = "MagicDates(Dates)", "MagicDates\MagicDates(Dates).csproj", "{17B1CDDF-97FC-4A89-82B4-A78DD3114F67}"
EndProject
Project("{FAE04EC0-301F-11D3-BF4B-00C04F79EFBC}") = "FiveSpecialLetters", "FiveSpecialLetters\FiveSpecialLetters.csproj", "{D9EE65AE-87D4-4E20-BA09-8D956AD8BA34}"
EndProject
Project("{FAE04EC0-301F-11D3-BF4B-00C04F79EFBC}") = "LongestAlphabeticalWord(Matrix)", "LongestAlphabeticalWord\LongestAlphabeticalWord(Matrix).csproj", "{6CA288C8-6249-40BC-9FC3-447E4DEB5306}"
EndProject
Project("{FAE04EC0-301F-11D3-BF4B-00C04F79EFBC}") = "MagicCarNumbers", "MagicCarNumbers\MagicCarNumbers.csproj", "{482E63E7-A6FB-4E90-8584-8F7FA729BAF2}"
EndProject
Project("{2150E333-8FDC-42A3-9474-1A3956D46DE8}") = "Problem5", "Problem5", "{46BAD75A-A7BF-4635-9A24-5C6378CF08A6}"
EndProject
Project("{FAE04EC0-301F-11D3-BF4B-00C04F79EFBC}") = "BitSifting (Given_64bitCountBits)", "BitSifting\BitSifting (Given_64bitCountBits).csproj", "{FC41AC65-23AE-4167-BB0D-692652C2D559}"
EndProject
Project("{FAE04EC0-301F-11D3-BF4B-00C04F79EFBC}") = "BitsInverter(Given_8bit+MODstepTo0To1))", "BitsInverter\BitsInverter(Given_8bit+MODstepTo0To1)).csproj", "{3CF517FC-28F2-4596-A2F3-DA73B0938DD0}"
EndProject
Project("{FAE04EC0-301F-11D3-BF4B-00C04F79EFBC}") = "FriendBits", "FriendBits\FriendBits.csproj", "{DD7B3A0E-56F6-4128-97FC-C4086CD4BDE9}"
EndProject
Project("{FAE04EC0-301F-11D3-BF4B-00C04F79EFBC}") = "WeAllLoveBits(InvertBits)", "WeAllLoveBits(InvertBits)\WeAllLoveBits(InvertBits).csproj", "{9B16F18D-AF99-4CBE-AB3E-1A688570AD03}"
EndProject
Project("{FAE04EC0-301F-11D3-BF4B-00C04F79EFBC}") = "BitsUP(StepTo1)", "BitsUP\BitsUP(StepTo1).csproj", "{EA846AE5-AE83-49F9-A718-7C4DA1952DBF}"
EndProject
Project("{FAE04EC0-301F-11D3-BF4B-00C04F79EFBC}") = "CatchTheBits(ExtractBitsAtStepAddZeroes)", "CatchTheBits\CatchTheBits(ExtractBitsAtStepAddZeroes).csproj", "{E3DC1E4F-EA0C-4569-BFF6-A6F50E72CC23}"
EndProject
Project("{FAE04EC0-301F-11D3-BF4B-00C04F79EFBC}") = "BitsKiller(RepeatPerStep)", "BitsKiller\BitsKiller(RepeatPerStep).csproj", "{8146F60A-8CA7-45E7-A7D0-E7C31002E08A}"
EndProject
Project("{FAE04EC0-301F-11D3-BF4B-00C04F79EFBC}") = "BitRoller(FreazeBit)", "BitRoller\BitRoller(FreazeBit).csproj", "{1C20B7FF-827D-43AD-B9E2-2863A6CE4A98}"
EndProject
Project("{FAE04EC0-301F-11D3-BF4B-00C04F79EFBC}") = "BitShooter", "BitShooter\BitShooter.csproj", "{534474F3-F207-4147-8D4F-2A75AE8F9A9A}"
EndProject
Project("{FAE04EC0-301F-11D3-BF4B-00C04F79EFBC}") = "BitFliper", "BitFliper\BitFliper.csproj", "{4A8A2660-9A65-478F-8543-DDF8CA9CC87E}"
EndProject
Project("{FAE04EC0-301F-11D3-BF4B-00C04F79EFBC}") = "ChangeEvenBits", "ChangeEvenBits\ChangeEvenBits.csproj", "{FFA4E9C9-7D6D-403C-9C6A-4AD76DEFAC69}"
EndProject
Project("{FAE04EC0-301F-11D3-BF4B-00C04F79EFBC}") = "Problem1", "Problem1\Problem1.csproj", "{49430B16-5C90-4281-9919-952A6D372B54}"
EndProject
Project("{FAE04EC0-301F-11D3-BF4B-00C04F79EFBC}") = "Problem2", "Problem2\Problem2.csproj", "{A3F1FE4E-0E63-4E5C-9BE5-6D498590402D}"
EndProject
Project("{FAE04EC0-301F-11D3-BF4B-00C04F79EFBC}") = "Problem3", "Problem3\Problem3.csproj", "{35D6008D-9C20-466F-9D31-2CADE9D13F37}"
EndProject
Project("{FAE04EC0-301F-11D3-BF4B-00C04F79EFBC}") = "Problem4", "Problem4\Problem4.csproj", "{C8D4F460-19BA-42C2-B66F-F2F54842CD3D}"
EndProject
Project("{FAE04EC0-301F-11D3-BF4B-00C04F79EFBC}") = "Problem5", "Problem5\Problem5.csproj", "{16826E42-6A77-4551-BBB3-5BE703B62706}"
EndProject
Project("{FAE04EC0-301F-11D3-BF4B-00C04F79EFBC}") = "MelonsAndWaterMelons", "MelonsAndWaterMelons\MelonsAndWaterMelons.csproj", "{45CF9981-E7BF-4310-89EA-84FF08319710}"
EndProject
Project("{FAE04EC0-301F-11D3-BF4B-00C04F79EFBC}") = "CartesianCoordinateSystem", "CartesianCoordinateSystem\CartesianCoordinateSystem.csproj", "{35C00440-B66C-49E9-BE76-020E4A85F2B5}"
EndProject
Global
	GlobalSection(SolutionConfigurationPlatforms) = preSolution
		CD_ROM|Any CPU = CD_ROM|Any CPU
		Debug|Any CPU = Debug|Any CPU
		DVD-5|Any CPU = DVD-5|Any CPU
		Release|Any CPU = Release|Any CPU
		SingleImage|Any CPU = SingleImage|Any CPU
	EndGlobalSection
	GlobalSection(ProjectConfigurationPlatforms) = postSolution
		{35FA59A6-55F2-4586-9BB1-E9AA2FD444F8}.CD_ROM|Any CPU.ActiveCfg = Release|Any CPU
		{35FA59A6-55F2-4586-9BB1-E9AA2FD444F8}.CD_ROM|Any CPU.Build.0 = Release|Any CPU
		{35FA59A6-55F2-4586-9BB1-E9AA2FD444F8}.Debug|Any CPU.ActiveCfg = Debug|Any CPU
		{35FA59A6-55F2-4586-9BB1-E9AA2FD444F8}.Debug|Any CPU.Build.0 = Debug|Any CPU
		{35FA59A6-55F2-4586-9BB1-E9AA2FD444F8}.DVD-5|Any CPU.ActiveCfg = Debug|Any CPU
		{35FA59A6-55F2-4586-9BB1-E9AA2FD444F8}.DVD-5|Any CPU.Build.0 = Debug|Any CPU
		{35FA59A6-55F2-4586-9BB1-E9AA2FD444F8}.Release|Any CPU.ActiveCfg = Release|Any CPU
		{35FA59A6-55F2-4586-9BB1-E9AA2FD444F8}.Release|Any CPU.Build.0 = Release|Any CPU
		{35FA59A6-55F2-4586-9BB1-E9AA2FD444F8}.SingleImage|Any CPU.ActiveCfg = Release|Any CPU
		{35FA59A6-55F2-4586-9BB1-E9AA2FD444F8}.SingleImage|Any CPU.Build.0 = Release|Any CPU
		{79C6CF3C-A437-48BA-9838-C1530247CE90}.CD_ROM|Any CPU.ActiveCfg = Release|Any CPU
		{79C6CF3C-A437-48BA-9838-C1530247CE90}.CD_ROM|Any CPU.Build.0 = Release|Any CPU
		{79C6CF3C-A437-48BA-9838-C1530247CE90}.Debug|Any CPU.ActiveCfg = Debug|Any CPU
		{79C6CF3C-A437-48BA-9838-C1530247CE90}.Debug|Any CPU.Build.0 = Debug|Any CPU
		{79C6CF3C-A437-48BA-9838-C1530247CE90}.DVD-5|Any CPU.ActiveCfg = Debug|Any CPU
		{79C6CF3C-A437-48BA-9838-C1530247CE90}.DVD-5|Any CPU.Build.0 = Debug|Any CPU
		{79C6CF3C-A437-48BA-9838-C1530247CE90}.Release|Any CPU.ActiveCfg = Release|Any CPU
		{79C6CF3C-A437-48BA-9838-C1530247CE90}.Release|Any CPU.Build.0 = Release|Any CPU
		{79C6CF3C-A437-48BA-9838-C1530247CE90}.SingleImage|Any CPU.ActiveCfg = Release|Any CPU
		{79C6CF3C-A437-48BA-9838-C1530247CE90}.SingleImage|Any CPU.Build.0 = Release|Any CPU
		{DA636A9F-C88C-425F-AC10-42C47CEFD84B}.CD_ROM|Any CPU.ActiveCfg = Release|Any CPU
		{DA636A9F-C88C-425F-AC10-42C47CEFD84B}.CD_ROM|Any CPU.Build.0 = Release|Any CPU
		{DA636A9F-C88C-425F-AC10-42C47CEFD84B}.Debug|Any CPU.ActiveCfg = Debug|Any CPU
		{DA636A9F-C88C-425F-AC10-42C47CEFD84B}.Debug|Any CPU.Build.0 = Debug|Any CPU
		{DA636A9F-C88C-425F-AC10-42C47CEFD84B}.DVD-5|Any CPU.ActiveCfg = Debug|Any CPU
		{DA636A9F-C88C-425F-AC10-42C47CEFD84B}.DVD-5|Any CPU.Build.0 = Debug|Any CPU
		{DA636A9F-C88C-425F-AC10-42C47CEFD84B}.Release|Any CPU.ActiveCfg = Release|Any CPU
		{DA636A9F-C88C-425F-AC10-42C47CEFD84B}.Release|Any CPU.Build.0 = Release|Any CPU
		{DA636A9F-C88C-425F-AC10-42C47CEFD84B}.SingleImage|Any CPU.ActiveCfg = Release|Any CPU
		{DA636A9F-C88C-425F-AC10-42C47CEFD84B}.SingleImage|Any CPU.Build.0 = Release|Any CPU
		{D5FA23D0-BB5F-4966-A77C-6F9825163CD6}.CD_ROM|Any CPU.ActiveCfg = Release|Any CPU
		{D5FA23D0-BB5F-4966-A77C-6F9825163CD6}.CD_ROM|Any CPU.Build.0 = Release|Any CPU
		{D5FA23D0-BB5F-4966-A77C-6F9825163CD6}.Debug|Any CPU.ActiveCfg = Debug|Any CPU
		{D5FA23D0-BB5F-4966-A77C-6F9825163CD6}.Debug|Any CPU.Build.0 = Debug|Any CPU
		{D5FA23D0-BB5F-4966-A77C-6F9825163CD6}.DVD-5|Any CPU.ActiveCfg = Debug|Any CPU
		{D5FA23D0-BB5F-4966-A77C-6F9825163CD6}.DVD-5|Any CPU.Build.0 = Debug|Any CPU
		{D5FA23D0-BB5F-4966-A77C-6F9825163CD6}.Release|Any CPU.ActiveCfg = Release|Any CPU
		{D5FA23D0-BB5F-4966-A77C-6F9825163CD6}.Release|Any CPU.Build.0 = Release|Any CPU
		{D5FA23D0-BB5F-4966-A77C-6F9825163CD6}.SingleImage|Any CPU.ActiveCfg = Release|Any CPU
		{D5FA23D0-BB5F-4966-A77C-6F9825163CD6}.SingleImage|Any CPU.Build.0 = Release|Any CPU
		{B531C30A-4D4E-4E37-B6DA-F827D3BCE283}.CD_ROM|Any CPU.ActiveCfg = Release|Any CPU
		{B531C30A-4D4E-4E37-B6DA-F827D3BCE283}.CD_ROM|Any CPU.Build.0 = Release|Any CPU
		{B531C30A-4D4E-4E37-B6DA-F827D3BCE283}.Debug|Any CPU.ActiveCfg = Debug|Any CPU
		{B531C30A-4D4E-4E37-B6DA-F827D3BCE283}.Debug|Any CPU.Build.0 = Debug|Any CPU
		{B531C30A-4D4E-4E37-B6DA-F827D3BCE283}.DVD-5|Any CPU.ActiveCfg = Debug|Any CPU
		{B531C30A-4D4E-4E37-B6DA-F827D3BCE283}.DVD-5|Any CPU.Build.0 = Debug|Any CPU
		{B531C30A-4D4E-4E37-B6DA-F827D3BCE283}.Release|Any CPU.ActiveCfg = Release|Any CPU
		{B531C30A-4D4E-4E37-B6DA-F827D3BCE283}.Release|Any CPU.Build.0 = Release|Any CPU
		{B531C30A-4D4E-4E37-B6DA-F827D3BCE283}.SingleImage|Any CPU.ActiveCfg = Release|Any CPU
		{B531C30A-4D4E-4E37-B6DA-F827D3BCE283}.SingleImage|Any CPU.Build.0 = Release|Any CPU
		{523DCCDC-5A89-4006-8602-42019E9D9396}.CD_ROM|Any CPU.ActiveCfg = Release|Any CPU
		{523DCCDC-5A89-4006-8602-42019E9D9396}.CD_ROM|Any CPU.Build.0 = Release|Any CPU
		{523DCCDC-5A89-4006-8602-42019E9D9396}.Debug|Any CPU.ActiveCfg = Debug|Any CPU
		{523DCCDC-5A89-4006-8602-42019E9D9396}.Debug|Any CPU.Build.0 = Debug|Any CPU
		{523DCCDC-5A89-4006-8602-42019E9D9396}.DVD-5|Any CPU.ActiveCfg = Debug|Any CPU
		{523DCCDC-5A89-4006-8602-42019E9D9396}.DVD-5|Any CPU.Build.0 = Debug|Any CPU
		{523DCCDC-5A89-4006-8602-42019E9D9396}.Release|Any CPU.ActiveCfg = Release|Any CPU
		{523DCCDC-5A89-4006-8602-42019E9D9396}.Release|Any CPU.Build.0 = Release|Any CPU
		{523DCCDC-5A89-4006-8602-42019E9D9396}.SingleImage|Any CPU.ActiveCfg = Release|Any CPU
		{523DCCDC-5A89-4006-8602-42019E9D9396}.SingleImage|Any CPU.Build.0 = Release|Any CPU
		{8163CE0A-DF7C-4458-98FD-E39D61DC7094}.CD_ROM|Any CPU.ActiveCfg = Release|Any CPU
		{8163CE0A-DF7C-4458-98FD-E39D61DC7094}.CD_ROM|Any CPU.Build.0 = Release|Any CPU
		{8163CE0A-DF7C-4458-98FD-E39D61DC7094}.Debug|Any CPU.ActiveCfg = Debug|Any CPU
		{8163CE0A-DF7C-4458-98FD-E39D61DC7094}.Debug|Any CPU.Build.0 = Debug|Any CPU
		{8163CE0A-DF7C-4458-98FD-E39D61DC7094}.DVD-5|Any CPU.ActiveCfg = Debug|Any CPU
		{8163CE0A-DF7C-4458-98FD-E39D61DC7094}.DVD-5|Any CPU.Build.0 = Debug|Any CPU
		{8163CE0A-DF7C-4458-98FD-E39D61DC7094}.Release|Any CPU.ActiveCfg = Release|Any CPU
		{8163CE0A-DF7C-4458-98FD-E39D61DC7094}.Release|Any CPU.Build.0 = Release|Any CPU
		{8163CE0A-DF7C-4458-98FD-E39D61DC7094}.SingleImage|Any CPU.ActiveCfg = Release|Any CPU
		{8163CE0A-DF7C-4458-98FD-E39D61DC7094}.SingleImage|Any CPU.Build.0 = Release|Any CPU
		{1629B624-5CD4-4CB3-ADF9-D6C5A29379B3}.CD_ROM|Any CPU.ActiveCfg = Release|Any CPU
		{1629B624-5CD4-4CB3-ADF9-D6C5A29379B3}.CD_ROM|Any CPU.Build.0 = Release|Any CPU
		{1629B624-5CD4-4CB3-ADF9-D6C5A29379B3}.Debug|Any CPU.ActiveCfg = Debug|Any CPU
		{1629B624-5CD4-4CB3-ADF9-D6C5A29379B3}.Debug|Any CPU.Build.0 = Debug|Any CPU
		{1629B624-5CD4-4CB3-ADF9-D6C5A29379B3}.DVD-5|Any CPU.ActiveCfg = Debug|Any CPU
		{1629B624-5CD4-4CB3-ADF9-D6C5A29379B3}.DVD-5|Any CPU.Build.0 = Debug|Any CPU
		{1629B624-5CD4-4CB3-ADF9-D6C5A29379B3}.Release|Any CPU.ActiveCfg = Release|Any CPU
		{1629B624-5CD4-4CB3-ADF9-D6C5A29379B3}.Release|Any CPU.Build.0 = Release|Any CPU
		{1629B624-5CD4-4CB3-ADF9-D6C5A29379B3}.SingleImage|Any CPU.ActiveCfg = Release|Any CPU
		{1629B624-5CD4-4CB3-ADF9-D6C5A29379B3}.SingleImage|Any CPU.Build.0 = Release|Any CPU
		{3F190D84-6614-41EC-BDD0-3A334E82A2C9}.CD_ROM|Any CPU.ActiveCfg = Release|Any CPU
		{3F190D84-6614-41EC-BDD0-3A334E82A2C9}.CD_ROM|Any CPU.Build.0 = Release|Any CPU
		{3F190D84-6614-41EC-BDD0-3A334E82A2C9}.Debug|Any CPU.ActiveCfg = Debug|Any CPU
		{3F190D84-6614-41EC-BDD0-3A334E82A2C9}.Debug|Any CPU.Build.0 = Debug|Any CPU
		{3F190D84-6614-41EC-BDD0-3A334E82A2C9}.DVD-5|Any CPU.ActiveCfg = Debug|Any CPU
		{3F190D84-6614-41EC-BDD0-3A334E82A2C9}.DVD-5|Any CPU.Build.0 = Debug|Any CPU
		{3F190D84-6614-41EC-BDD0-3A334E82A2C9}.Release|Any CPU.ActiveCfg = Release|Any CPU
		{3F190D84-6614-41EC-BDD0-3A334E82A2C9}.Release|Any CPU.Build.0 = Release|Any CPU
		{3F190D84-6614-41EC-BDD0-3A334E82A2C9}.SingleImage|Any CPU.ActiveCfg = Release|Any CPU
		{3F190D84-6614-41EC-BDD0-3A334E82A2C9}.SingleImage|Any CPU.Build.0 = Release|Any CPU
		{24976895-0B61-4947-A73B-F9B7407CBFFE}.CD_ROM|Any CPU.ActiveCfg = Release|Any CPU
		{24976895-0B61-4947-A73B-F9B7407CBFFE}.CD_ROM|Any CPU.Build.0 = Release|Any CPU
		{24976895-0B61-4947-A73B-F9B7407CBFFE}.Debug|Any CPU.ActiveCfg = Debug|Any CPU
		{24976895-0B61-4947-A73B-F9B7407CBFFE}.Debug|Any CPU.Build.0 = Debug|Any CPU
		{24976895-0B61-4947-A73B-F9B7407CBFFE}.DVD-5|Any CPU.ActiveCfg = Debug|Any CPU
		{24976895-0B61-4947-A73B-F9B7407CBFFE}.DVD-5|Any CPU.Build.0 = Debug|Any CPU
		{24976895-0B61-4947-A73B-F9B7407CBFFE}.Release|Any CPU.ActiveCfg = Release|Any CPU
		{24976895-0B61-4947-A73B-F9B7407CBFFE}.Release|Any CPU.Build.0 = Release|Any CPU
		{24976895-0B61-4947-A73B-F9B7407CBFFE}.SingleImage|Any CPU.ActiveCfg = Release|Any CPU
		{24976895-0B61-4947-A73B-F9B7407CBFFE}.SingleImage|Any CPU.Build.0 = Release|Any CPU
		{82FCACF4-0805-472C-90A5-D74EA2A520E7}.CD_ROM|Any CPU.ActiveCfg = Release|Any CPU
		{82FCACF4-0805-472C-90A5-D74EA2A520E7}.CD_ROM|Any CPU.Build.0 = Release|Any CPU
		{82FCACF4-0805-472C-90A5-D74EA2A520E7}.Debug|Any CPU.ActiveCfg = Debug|Any CPU
		{82FCACF4-0805-472C-90A5-D74EA2A520E7}.Debug|Any CPU.Build.0 = Debug|Any CPU
		{82FCACF4-0805-472C-90A5-D74EA2A520E7}.DVD-5|Any CPU.ActiveCfg = Debug|Any CPU
		{82FCACF4-0805-472C-90A5-D74EA2A520E7}.DVD-5|Any CPU.Build.0 = Debug|Any CPU
		{82FCACF4-0805-472C-90A5-D74EA2A520E7}.Release|Any CPU.ActiveCfg = Release|Any CPU
		{82FCACF4-0805-472C-90A5-D74EA2A520E7}.Release|Any CPU.Build.0 = Release|Any CPU
		{82FCACF4-0805-472C-90A5-D74EA2A520E7}.SingleImage|Any CPU.ActiveCfg = Release|Any CPU
		{82FCACF4-0805-472C-90A5-D74EA2A520E7}.SingleImage|Any CPU.Build.0 = Release|Any CPU
		{5CE90F1A-0BE0-438D-A469-BE93D945359F}.CD_ROM|Any CPU.ActiveCfg = Release|Any CPU
		{5CE90F1A-0BE0-438D-A469-BE93D945359F}.CD_ROM|Any CPU.Build.0 = Release|Any CPU
		{5CE90F1A-0BE0-438D-A469-BE93D945359F}.Debug|Any CPU.ActiveCfg = Debug|Any CPU
		{5CE90F1A-0BE0-438D-A469-BE93D945359F}.Debug|Any CPU.Build.0 = Debug|Any CPU
		{5CE90F1A-0BE0-438D-A469-BE93D945359F}.DVD-5|Any CPU.ActiveCfg = Debug|Any CPU
		{5CE90F1A-0BE0-438D-A469-BE93D945359F}.DVD-5|Any CPU.Build.0 = Debug|Any CPU
		{5CE90F1A-0BE0-438D-A469-BE93D945359F}.Release|Any CPU.ActiveCfg = Release|Any CPU
		{5CE90F1A-0BE0-438D-A469-BE93D945359F}.Release|Any CPU.Build.0 = Release|Any CPU
		{5CE90F1A-0BE0-438D-A469-BE93D945359F}.SingleImage|Any CPU.ActiveCfg = Release|Any CPU
		{5CE90F1A-0BE0-438D-A469-BE93D945359F}.SingleImage|Any CPU.Build.0 = Release|Any CPU
		{A0277B6C-CC11-4C0C-92B5-D3E2958F3F83}.CD_ROM|Any CPU.ActiveCfg = Release|Any CPU
		{A0277B6C-CC11-4C0C-92B5-D3E2958F3F83}.CD_ROM|Any CPU.Build.0 = Release|Any CPU
		{A0277B6C-CC11-4C0C-92B5-D3E2958F3F83}.Debug|Any CPU.ActiveCfg = Debug|Any CPU
		{A0277B6C-CC11-4C0C-92B5-D3E2958F3F83}.Debug|Any CPU.Build.0 = Debug|Any CPU
		{A0277B6C-CC11-4C0C-92B5-D3E2958F3F83}.DVD-5|Any CPU.ActiveCfg = Debug|Any CPU
		{A0277B6C-CC11-4C0C-92B5-D3E2958F3F83}.DVD-5|Any CPU.Build.0 = Debug|Any CPU
		{A0277B6C-CC11-4C0C-92B5-D3E2958F3F83}.Release|Any CPU.ActiveCfg = Release|Any CPU
		{A0277B6C-CC11-4C0C-92B5-D3E2958F3F83}.Release|Any CPU.Build.0 = Release|Any CPU
		{A0277B6C-CC11-4C0C-92B5-D3E2958F3F83}.SingleImage|Any CPU.ActiveCfg = Release|Any CPU
		{A0277B6C-CC11-4C0C-92B5-D3E2958F3F83}.SingleImage|Any CPU.Build.0 = Release|Any CPU
		{803B80E6-0800-4D5E-A57B-732BABFCFC9A}.CD_ROM|Any CPU.ActiveCfg = Release|Any CPU
		{803B80E6-0800-4D5E-A57B-732BABFCFC9A}.CD_ROM|Any CPU.Build.0 = Release|Any CPU
		{803B80E6-0800-4D5E-A57B-732BABFCFC9A}.Debug|Any CPU.ActiveCfg = Debug|Any CPU
		{803B80E6-0800-4D5E-A57B-732BABFCFC9A}.Debug|Any CPU.Build.0 = Debug|Any CPU
		{803B80E6-0800-4D5E-A57B-732BABFCFC9A}.DVD-5|Any CPU.ActiveCfg = Debug|Any CPU
		{803B80E6-0800-4D5E-A57B-732BABFCFC9A}.DVD-5|Any CPU.Build.0 = Debug|Any CPU
		{803B80E6-0800-4D5E-A57B-732BABFCFC9A}.Release|Any CPU.ActiveCfg = Release|Any CPU
		{803B80E6-0800-4D5E-A57B-732BABFCFC9A}.Release|Any CPU.Build.0 = Release|Any CPU
		{803B80E6-0800-4D5E-A57B-732BABFCFC9A}.SingleImage|Any CPU.ActiveCfg = Release|Any CPU
		{803B80E6-0800-4D5E-A57B-732BABFCFC9A}.SingleImage|Any CPU.Build.0 = Release|Any CPU
		{AE8B70F4-CA21-4C13-8725-218C95AF37A0}.CD_ROM|Any CPU.ActiveCfg = Release|Any CPU
		{AE8B70F4-CA21-4C13-8725-218C95AF37A0}.CD_ROM|Any CPU.Build.0 = Release|Any CPU
		{AE8B70F4-CA21-4C13-8725-218C95AF37A0}.Debug|Any CPU.ActiveCfg = Debug|Any CPU
		{AE8B70F4-CA21-4C13-8725-218C95AF37A0}.Debug|Any CPU.Build.0 = Debug|Any CPU
		{AE8B70F4-CA21-4C13-8725-218C95AF37A0}.DVD-5|Any CPU.ActiveCfg = Debug|Any CPU
		{AE8B70F4-CA21-4C13-8725-218C95AF37A0}.DVD-5|Any CPU.Build.0 = Debug|Any CPU
		{AE8B70F4-CA21-4C13-8725-218C95AF37A0}.Release|Any CPU.ActiveCfg = Release|Any CPU
		{AE8B70F4-CA21-4C13-8725-218C95AF37A0}.Release|Any CPU.Build.0 = Release|Any CPU
		{AE8B70F4-CA21-4C13-8725-218C95AF37A0}.SingleImage|Any CPU.ActiveCfg = Release|Any CPU
		{AE8B70F4-CA21-4C13-8725-218C95AF37A0}.SingleImage|Any CPU.Build.0 = Release|Any CPU
		{A1D618CD-B7F3-487E-ACBA-778110E7DF4C}.CD_ROM|Any CPU.ActiveCfg = Release|Any CPU
		{A1D618CD-B7F3-487E-ACBA-778110E7DF4C}.CD_ROM|Any CPU.Build.0 = Release|Any CPU
		{A1D618CD-B7F3-487E-ACBA-778110E7DF4C}.Debug|Any CPU.ActiveCfg = Debug|Any CPU
		{A1D618CD-B7F3-487E-ACBA-778110E7DF4C}.Debug|Any CPU.Build.0 = Debug|Any CPU
		{A1D618CD-B7F3-487E-ACBA-778110E7DF4C}.DVD-5|Any CPU.ActiveCfg = Debug|Any CPU
		{A1D618CD-B7F3-487E-ACBA-778110E7DF4C}.DVD-5|Any CPU.Build.0 = Debug|Any CPU
		{A1D618CD-B7F3-487E-ACBA-778110E7DF4C}.Release|Any CPU.ActiveCfg = Release|Any CPU
		{A1D618CD-B7F3-487E-ACBA-778110E7DF4C}.Release|Any CPU.Build.0 = Release|Any CPU
		{A1D618CD-B7F3-487E-ACBA-778110E7DF4C}.SingleImage|Any CPU.ActiveCfg = Release|Any CPU
		{A1D618CD-B7F3-487E-ACBA-778110E7DF4C}.SingleImage|Any CPU.Build.0 = Release|Any CPU
		{7A06018F-C1EA-4759-8D17-0193906FFB25}.CD_ROM|Any CPU.ActiveCfg = Release|Any CPU
		{7A06018F-C1EA-4759-8D17-0193906FFB25}.CD_ROM|Any CPU.Build.0 = Release|Any CPU
		{7A06018F-C1EA-4759-8D17-0193906FFB25}.Debug|Any CPU.ActiveCfg = Debug|Any CPU
		{7A06018F-C1EA-4759-8D17-0193906FFB25}.Debug|Any CPU.Build.0 = Debug|Any CPU
		{7A06018F-C1EA-4759-8D17-0193906FFB25}.DVD-5|Any CPU.ActiveCfg = Debug|Any CPU
		{7A06018F-C1EA-4759-8D17-0193906FFB25}.DVD-5|Any CPU.Build.0 = Debug|Any CPU
		{7A06018F-C1EA-4759-8D17-0193906FFB25}.Release|Any CPU.ActiveCfg = Release|Any CPU
		{7A06018F-C1EA-4759-8D17-0193906FFB25}.Release|Any CPU.Build.0 = Release|Any CPU
		{7A06018F-C1EA-4759-8D17-0193906FFB25}.SingleImage|Any CPU.ActiveCfg = Release|Any CPU
		{7A06018F-C1EA-4759-8D17-0193906FFB25}.SingleImage|Any CPU.Build.0 = Release|Any CPU
		{9F4876EF-3094-43D6-964E-A45518DCA573}.CD_ROM|Any CPU.ActiveCfg = Release|Any CPU
		{9F4876EF-3094-43D6-964E-A45518DCA573}.CD_ROM|Any CPU.Build.0 = Release|Any CPU
		{9F4876EF-3094-43D6-964E-A45518DCA573}.Debug|Any CPU.ActiveCfg = Debug|Any CPU
		{9F4876EF-3094-43D6-964E-A45518DCA573}.Debug|Any CPU.Build.0 = Debug|Any CPU
		{9F4876EF-3094-43D6-964E-A45518DCA573}.DVD-5|Any CPU.ActiveCfg = Debug|Any CPU
		{9F4876EF-3094-43D6-964E-A45518DCA573}.DVD-5|Any CPU.Build.0 = Debug|Any CPU
		{9F4876EF-3094-43D6-964E-A45518DCA573}.Release|Any CPU.ActiveCfg = Release|Any CPU
		{9F4876EF-3094-43D6-964E-A45518DCA573}.Release|Any CPU.Build.0 = Release|Any CPU
		{9F4876EF-3094-43D6-964E-A45518DCA573}.SingleImage|Any CPU.ActiveCfg = Release|Any CPU
		{9F4876EF-3094-43D6-964E-A45518DCA573}.SingleImage|Any CPU.Build.0 = Release|Any CPU
		{AD520F13-1366-48AB-9CEE-315568999C0D}.CD_ROM|Any CPU.ActiveCfg = Release|Any CPU
		{AD520F13-1366-48AB-9CEE-315568999C0D}.CD_ROM|Any CPU.Build.0 = Release|Any CPU
		{AD520F13-1366-48AB-9CEE-315568999C0D}.Debug|Any CPU.ActiveCfg = Debug|Any CPU
		{AD520F13-1366-48AB-9CEE-315568999C0D}.Debug|Any CPU.Build.0 = Debug|Any CPU
		{AD520F13-1366-48AB-9CEE-315568999C0D}.DVD-5|Any CPU.ActiveCfg = Debug|Any CPU
		{AD520F13-1366-48AB-9CEE-315568999C0D}.DVD-5|Any CPU.Build.0 = Debug|Any CPU
		{AD520F13-1366-48AB-9CEE-315568999C0D}.Release|Any CPU.ActiveCfg = Release|Any CPU
		{AD520F13-1366-48AB-9CEE-315568999C0D}.Release|Any CPU.Build.0 = Release|Any CPU
		{AD520F13-1366-48AB-9CEE-315568999C0D}.SingleImage|Any CPU.ActiveCfg = Release|Any CPU
		{AD520F13-1366-48AB-9CEE-315568999C0D}.SingleImage|Any CPU.Build.0 = Release|Any CPU
		{312D2682-CFDA-4DCE-8309-C9E218B2B6EE}.CD_ROM|Any CPU.ActiveCfg = Release|Any CPU
		{312D2682-CFDA-4DCE-8309-C9E218B2B6EE}.CD_ROM|Any CPU.Build.0 = Release|Any CPU
		{312D2682-CFDA-4DCE-8309-C9E218B2B6EE}.Debug|Any CPU.ActiveCfg = Debug|Any CPU
		{312D2682-CFDA-4DCE-8309-C9E218B2B6EE}.Debug|Any CPU.Build.0 = Debug|Any CPU
		{312D2682-CFDA-4DCE-8309-C9E218B2B6EE}.DVD-5|Any CPU.ActiveCfg = Debug|Any CPU
		{312D2682-CFDA-4DCE-8309-C9E218B2B6EE}.DVD-5|Any CPU.Build.0 = Debug|Any CPU
		{312D2682-CFDA-4DCE-8309-C9E218B2B6EE}.Release|Any CPU.ActiveCfg = Release|Any CPU
		{312D2682-CFDA-4DCE-8309-C9E218B2B6EE}.Release|Any CPU.Build.0 = Release|Any CPU
		{312D2682-CFDA-4DCE-8309-C9E218B2B6EE}.SingleImage|Any CPU.ActiveCfg = Release|Any CPU
		{312D2682-CFDA-4DCE-8309-C9E218B2B6EE}.SingleImage|Any CPU.Build.0 = Release|Any CPU
		{037BA1F6-8B32-4978-99E1-8602EFAED6E9}.CD_ROM|Any CPU.ActiveCfg = Release|Any CPU
		{037BA1F6-8B32-4978-99E1-8602EFAED6E9}.CD_ROM|Any CPU.Build.0 = Release|Any CPU
		{037BA1F6-8B32-4978-99E1-8602EFAED6E9}.Debug|Any CPU.ActiveCfg = Debug|Any CPU
		{037BA1F6-8B32-4978-99E1-8602EFAED6E9}.Debug|Any CPU.Build.0 = Debug|Any CPU
		{037BA1F6-8B32-4978-99E1-8602EFAED6E9}.DVD-5|Any CPU.ActiveCfg = Debug|Any CPU
		{037BA1F6-8B32-4978-99E1-8602EFAED6E9}.DVD-5|Any CPU.Build.0 = Debug|Any CPU
		{037BA1F6-8B32-4978-99E1-8602EFAED6E9}.Release|Any CPU.ActiveCfg = Release|Any CPU
		{037BA1F6-8B32-4978-99E1-8602EFAED6E9}.Release|Any CPU.Build.0 = Release|Any CPU
		{037BA1F6-8B32-4978-99E1-8602EFAED6E9}.SingleImage|Any CPU.ActiveCfg = Release|Any CPU
		{037BA1F6-8B32-4978-99E1-8602EFAED6E9}.SingleImage|Any CPU.Build.0 = Release|Any CPU
		{4C9AA9C6-25BA-4CFC-8BAD-EEA5248DE550}.CD_ROM|Any CPU.ActiveCfg = Release|Any CPU
		{4C9AA9C6-25BA-4CFC-8BAD-EEA5248DE550}.CD_ROM|Any CPU.Build.0 = Release|Any CPU
		{4C9AA9C6-25BA-4CFC-8BAD-EEA5248DE550}.Debug|Any CPU.ActiveCfg = Debug|Any CPU
		{4C9AA9C6-25BA-4CFC-8BAD-EEA5248DE550}.Debug|Any CPU.Build.0 = Debug|Any CPU
		{4C9AA9C6-25BA-4CFC-8BAD-EEA5248DE550}.DVD-5|Any CPU.ActiveCfg = Debug|Any CPU
		{4C9AA9C6-25BA-4CFC-8BAD-EEA5248DE550}.DVD-5|Any CPU.Build.0 = Debug|Any CPU
		{4C9AA9C6-25BA-4CFC-8BAD-EEA5248DE550}.Release|Any CPU.ActiveCfg = Release|Any CPU
		{4C9AA9C6-25BA-4CFC-8BAD-EEA5248DE550}.Release|Any CPU.Build.0 = Release|Any CPU
		{4C9AA9C6-25BA-4CFC-8BAD-EEA5248DE550}.SingleImage|Any CPU.ActiveCfg = Release|Any CPU
		{4C9AA9C6-25BA-4CFC-8BAD-EEA5248DE550}.SingleImage|Any CPU.Build.0 = Release|Any CPU
		{793B578E-174B-4B3A-94FD-DE635BC04062}.CD_ROM|Any CPU.ActiveCfg = Release|Any CPU
		{793B578E-174B-4B3A-94FD-DE635BC04062}.CD_ROM|Any CPU.Build.0 = Release|Any CPU
		{793B578E-174B-4B3A-94FD-DE635BC04062}.Debug|Any CPU.ActiveCfg = Debug|Any CPU
		{793B578E-174B-4B3A-94FD-DE635BC04062}.Debug|Any CPU.Build.0 = Debug|Any CPU
		{793B578E-174B-4B3A-94FD-DE635BC04062}.DVD-5|Any CPU.ActiveCfg = Debug|Any CPU
		{793B578E-174B-4B3A-94FD-DE635BC04062}.DVD-5|Any CPU.Build.0 = Debug|Any CPU
		{793B578E-174B-4B3A-94FD-DE635BC04062}.Release|Any CPU.ActiveCfg = Release|Any CPU
		{793B578E-174B-4B3A-94FD-DE635BC04062}.Release|Any CPU.Build.0 = Release|Any CPU
		{793B578E-174B-4B3A-94FD-DE635BC04062}.SingleImage|Any CPU.ActiveCfg = Release|Any CPU
		{793B578E-174B-4B3A-94FD-DE635BC04062}.SingleImage|Any CPU.Build.0 = Release|Any CPU
		{A88C3BE7-FB6C-4350-ACD2-DE4E5A997822}.CD_ROM|Any CPU.ActiveCfg = Release|Any CPU
		{A88C3BE7-FB6C-4350-ACD2-DE4E5A997822}.CD_ROM|Any CPU.Build.0 = Release|Any CPU
		{A88C3BE7-FB6C-4350-ACD2-DE4E5A997822}.Debug|Any CPU.ActiveCfg = Debug|Any CPU
		{A88C3BE7-FB6C-4350-ACD2-DE4E5A997822}.Debug|Any CPU.Build.0 = Debug|Any CPU
		{A88C3BE7-FB6C-4350-ACD2-DE4E5A997822}.DVD-5|Any CPU.ActiveCfg = Debug|Any CPU
		{A88C3BE7-FB6C-4350-ACD2-DE4E5A997822}.DVD-5|Any CPU.Build.0 = Debug|Any CPU
		{A88C3BE7-FB6C-4350-ACD2-DE4E5A997822}.Release|Any CPU.ActiveCfg = Release|Any CPU
		{A88C3BE7-FB6C-4350-ACD2-DE4E5A997822}.Release|Any CPU.Build.0 = Release|Any CPU
		{A88C3BE7-FB6C-4350-ACD2-DE4E5A997822}.SingleImage|Any CPU.ActiveCfg = Release|Any CPU
		{A88C3BE7-FB6C-4350-ACD2-DE4E5A997822}.SingleImage|Any CPU.Build.0 = Release|Any CPU
		{97C0FD20-6937-42AF-8C3C-B81C990DDE79}.CD_ROM|Any CPU.ActiveCfg = Release|Any CPU
		{97C0FD20-6937-42AF-8C3C-B81C990DDE79}.CD_ROM|Any CPU.Build.0 = Release|Any CPU
		{97C0FD20-6937-42AF-8C3C-B81C990DDE79}.Debug|Any CPU.ActiveCfg = Debug|Any CPU
		{97C0FD20-6937-42AF-8C3C-B81C990DDE79}.Debug|Any CPU.Build.0 = Debug|Any CPU
		{97C0FD20-6937-42AF-8C3C-B81C990DDE79}.DVD-5|Any CPU.ActiveCfg = Debug|Any CPU
		{97C0FD20-6937-42AF-8C3C-B81C990DDE79}.DVD-5|Any CPU.Build.0 = Debug|Any CPU
		{97C0FD20-6937-42AF-8C3C-B81C990DDE79}.Release|Any CPU.ActiveCfg = Release|Any CPU
		{97C0FD20-6937-42AF-8C3C-B81C990DDE79}.Release|Any CPU.Build.0 = Release|Any CPU
		{97C0FD20-6937-42AF-8C3C-B81C990DDE79}.SingleImage|Any CPU.ActiveCfg = Release|Any CPU
		{97C0FD20-6937-42AF-8C3C-B81C990DDE79}.SingleImage|Any CPU.Build.0 = Release|Any CPU
		{51FBD03A-6970-4485-8C30-2D5E80B58497}.CD_ROM|Any CPU.ActiveCfg = Release|Any CPU
		{51FBD03A-6970-4485-8C30-2D5E80B58497}.CD_ROM|Any CPU.Build.0 = Release|Any CPU
		{51FBD03A-6970-4485-8C30-2D5E80B58497}.Debug|Any CPU.ActiveCfg = Debug|Any CPU
		{51FBD03A-6970-4485-8C30-2D5E80B58497}.Debug|Any CPU.Build.0 = Debug|Any CPU
		{51FBD03A-6970-4485-8C30-2D5E80B58497}.DVD-5|Any CPU.ActiveCfg = Debug|Any CPU
		{51FBD03A-6970-4485-8C30-2D5E80B58497}.DVD-5|Any CPU.Build.0 = Debug|Any CPU
		{51FBD03A-6970-4485-8C30-2D5E80B58497}.Release|Any CPU.ActiveCfg = Release|Any CPU
		{51FBD03A-6970-4485-8C30-2D5E80B58497}.Release|Any CPU.Build.0 = Release|Any CPU
		{51FBD03A-6970-4485-8C30-2D5E80B58497}.SingleImage|Any CPU.ActiveCfg = Release|Any CPU
		{51FBD03A-6970-4485-8C30-2D5E80B58497}.SingleImage|Any CPU.Build.0 = Release|Any CPU
		{457FD2CD-98AC-43D3-A227-02E04E28FEA3}.CD_ROM|Any CPU.ActiveCfg = Release|Any CPU
		{457FD2CD-98AC-43D3-A227-02E04E28FEA3}.CD_ROM|Any CPU.Build.0 = Release|Any CPU
		{457FD2CD-98AC-43D3-A227-02E04E28FEA3}.Debug|Any CPU.ActiveCfg = Debug|Any CPU
		{457FD2CD-98AC-43D3-A227-02E04E28FEA3}.Debug|Any CPU.Build.0 = Debug|Any CPU
		{457FD2CD-98AC-43D3-A227-02E04E28FEA3}.DVD-5|Any CPU.ActiveCfg = Debug|Any CPU
		{457FD2CD-98AC-43D3-A227-02E04E28FEA3}.DVD-5|Any CPU.Build.0 = Debug|Any CPU
		{457FD2CD-98AC-43D3-A227-02E04E28FEA3}.Release|Any CPU.ActiveCfg = Release|Any CPU
		{457FD2CD-98AC-43D3-A227-02E04E28FEA3}.Release|Any CPU.Build.0 = Release|Any CPU
		{457FD2CD-98AC-43D3-A227-02E04E28FEA3}.SingleImage|Any CPU.ActiveCfg = Release|Any CPU
		{457FD2CD-98AC-43D3-A227-02E04E28FEA3}.SingleImage|Any CPU.Build.0 = Release|Any CPU
		{293C766A-24E2-45E5-BD73-4B83D36884BF}.CD_ROM|Any CPU.ActiveCfg = Release|Any CPU
		{293C766A-24E2-45E5-BD73-4B83D36884BF}.CD_ROM|Any CPU.Build.0 = Release|Any CPU
		{293C766A-24E2-45E5-BD73-4B83D36884BF}.Debug|Any CPU.ActiveCfg = Debug|Any CPU
		{293C766A-24E2-45E5-BD73-4B83D36884BF}.Debug|Any CPU.Build.0 = Debug|Any CPU
		{293C766A-24E2-45E5-BD73-4B83D36884BF}.DVD-5|Any CPU.ActiveCfg = Debug|Any CPU
		{293C766A-24E2-45E5-BD73-4B83D36884BF}.DVD-5|Any CPU.Build.0 = Debug|Any CPU
		{293C766A-24E2-45E5-BD73-4B83D36884BF}.Release|Any CPU.ActiveCfg = Release|Any CPU
		{293C766A-24E2-45E5-BD73-4B83D36884BF}.Release|Any CPU.Build.0 = Release|Any CPU
		{293C766A-24E2-45E5-BD73-4B83D36884BF}.SingleImage|Any CPU.ActiveCfg = Release|Any CPU
		{293C766A-24E2-45E5-BD73-4B83D36884BF}.SingleImage|Any CPU.Build.0 = Release|Any CPU
		{0EE001C7-22B1-4915-8703-87B50D4051E6}.CD_ROM|Any CPU.ActiveCfg = Release|Any CPU
		{0EE001C7-22B1-4915-8703-87B50D4051E6}.CD_ROM|Any CPU.Build.0 = Release|Any CPU
		{0EE001C7-22B1-4915-8703-87B50D4051E6}.Debug|Any CPU.ActiveCfg = Debug|Any CPU
		{0EE001C7-22B1-4915-8703-87B50D4051E6}.Debug|Any CPU.Build.0 = Debug|Any CPU
		{0EE001C7-22B1-4915-8703-87B50D4051E6}.DVD-5|Any CPU.ActiveCfg = Debug|Any CPU
		{0EE001C7-22B1-4915-8703-87B50D4051E6}.DVD-5|Any CPU.Build.0 = Debug|Any CPU
		{0EE001C7-22B1-4915-8703-87B50D4051E6}.Release|Any CPU.ActiveCfg = Release|Any CPU
		{0EE001C7-22B1-4915-8703-87B50D4051E6}.Release|Any CPU.Build.0 = Release|Any CPU
		{0EE001C7-22B1-4915-8703-87B50D4051E6}.SingleImage|Any CPU.ActiveCfg = Release|Any CPU
		{0EE001C7-22B1-4915-8703-87B50D4051E6}.SingleImage|Any CPU.Build.0 = Release|Any CPU
		{2644F6E8-9C26-4E2B-B5AD-7E36ADA80A62}.CD_ROM|Any CPU.ActiveCfg = Release|Any CPU
		{2644F6E8-9C26-4E2B-B5AD-7E36ADA80A62}.CD_ROM|Any CPU.Build.0 = Release|Any CPU
		{2644F6E8-9C26-4E2B-B5AD-7E36ADA80A62}.Debug|Any CPU.ActiveCfg = Debug|Any CPU
		{2644F6E8-9C26-4E2B-B5AD-7E36ADA80A62}.Debug|Any CPU.Build.0 = Debug|Any CPU
		{2644F6E8-9C26-4E2B-B5AD-7E36ADA80A62}.DVD-5|Any CPU.ActiveCfg = Debug|Any CPU
		{2644F6E8-9C26-4E2B-B5AD-7E36ADA80A62}.DVD-5|Any CPU.Build.0 = Debug|Any CPU
		{2644F6E8-9C26-4E2B-B5AD-7E36ADA80A62}.Release|Any CPU.ActiveCfg = Release|Any CPU
		{2644F6E8-9C26-4E2B-B5AD-7E36ADA80A62}.Release|Any CPU.Build.0 = Release|Any CPU
		{2644F6E8-9C26-4E2B-B5AD-7E36ADA80A62}.SingleImage|Any CPU.ActiveCfg = Release|Any CPU
		{2644F6E8-9C26-4E2B-B5AD-7E36ADA80A62}.SingleImage|Any CPU.Build.0 = Release|Any CPU
		{259C045C-9059-4C94-BC9C-CEDF07A057DC}.CD_ROM|Any CPU.ActiveCfg = Release|Any CPU
		{259C045C-9059-4C94-BC9C-CEDF07A057DC}.CD_ROM|Any CPU.Build.0 = Release|Any CPU
		{259C045C-9059-4C94-BC9C-CEDF07A057DC}.Debug|Any CPU.ActiveCfg = Debug|Any CPU
		{259C045C-9059-4C94-BC9C-CEDF07A057DC}.Debug|Any CPU.Build.0 = Debug|Any CPU
		{259C045C-9059-4C94-BC9C-CEDF07A057DC}.DVD-5|Any CPU.ActiveCfg = Debug|Any CPU
		{259C045C-9059-4C94-BC9C-CEDF07A057DC}.DVD-5|Any CPU.Build.0 = Debug|Any CPU
		{259C045C-9059-4C94-BC9C-CEDF07A057DC}.Release|Any CPU.ActiveCfg = Release|Any CPU
		{259C045C-9059-4C94-BC9C-CEDF07A057DC}.Release|Any CPU.Build.0 = Release|Any CPU
		{259C045C-9059-4C94-BC9C-CEDF07A057DC}.SingleImage|Any CPU.ActiveCfg = Release|Any CPU
		{259C045C-9059-4C94-BC9C-CEDF07A057DC}.SingleImage|Any CPU.Build.0 = Release|Any CPU
		{EE61D323-9ECA-40E2-9742-58C5225460DB}.CD_ROM|Any CPU.ActiveCfg = Release|Any CPU
		{EE61D323-9ECA-40E2-9742-58C5225460DB}.CD_ROM|Any CPU.Build.0 = Release|Any CPU
		{EE61D323-9ECA-40E2-9742-58C5225460DB}.Debug|Any CPU.ActiveCfg = Debug|Any CPU
		{EE61D323-9ECA-40E2-9742-58C5225460DB}.Debug|Any CPU.Build.0 = Debug|Any CPU
		{EE61D323-9ECA-40E2-9742-58C5225460DB}.DVD-5|Any CPU.ActiveCfg = Debug|Any CPU
		{EE61D323-9ECA-40E2-9742-58C5225460DB}.DVD-5|Any CPU.Build.0 = Debug|Any CPU
		{EE61D323-9ECA-40E2-9742-58C5225460DB}.Release|Any CPU.ActiveCfg = Release|Any CPU
		{EE61D323-9ECA-40E2-9742-58C5225460DB}.Release|Any CPU.Build.0 = Release|Any CPU
		{EE61D323-9ECA-40E2-9742-58C5225460DB}.SingleImage|Any CPU.ActiveCfg = Release|Any CPU
		{EE61D323-9ECA-40E2-9742-58C5225460DB}.SingleImage|Any CPU.Build.0 = Release|Any CPU
		{C5FD151F-703E-4D10-A4DF-465A75155AA8}.CD_ROM|Any CPU.ActiveCfg = Release|Any CPU
		{C5FD151F-703E-4D10-A4DF-465A75155AA8}.CD_ROM|Any CPU.Build.0 = Release|Any CPU
		{C5FD151F-703E-4D10-A4DF-465A75155AA8}.Debug|Any CPU.ActiveCfg = Debug|Any CPU
		{C5FD151F-703E-4D10-A4DF-465A75155AA8}.Debug|Any CPU.Build.0 = Debug|Any CPU
		{C5FD151F-703E-4D10-A4DF-465A75155AA8}.DVD-5|Any CPU.ActiveCfg = Debug|Any CPU
		{C5FD151F-703E-4D10-A4DF-465A75155AA8}.DVD-5|Any CPU.Build.0 = Debug|Any CPU
		{C5FD151F-703E-4D10-A4DF-465A75155AA8}.Release|Any CPU.ActiveCfg = Release|Any CPU
		{C5FD151F-703E-4D10-A4DF-465A75155AA8}.Release|Any CPU.Build.0 = Release|Any CPU
		{C5FD151F-703E-4D10-A4DF-465A75155AA8}.SingleImage|Any CPU.ActiveCfg = Release|Any CPU
		{C5FD151F-703E-4D10-A4DF-465A75155AA8}.SingleImage|Any CPU.Build.0 = Release|Any CPU
		{6B2A3971-DFD2-45F8-B306-B659C362ABCF}.CD_ROM|Any CPU.ActiveCfg = Release|Any CPU
		{6B2A3971-DFD2-45F8-B306-B659C362ABCF}.CD_ROM|Any CPU.Build.0 = Release|Any CPU
		{6B2A3971-DFD2-45F8-B306-B659C362ABCF}.Debug|Any CPU.ActiveCfg = Debug|Any CPU
		{6B2A3971-DFD2-45F8-B306-B659C362ABCF}.Debug|Any CPU.Build.0 = Debug|Any CPU
		{6B2A3971-DFD2-45F8-B306-B659C362ABCF}.DVD-5|Any CPU.ActiveCfg = Debug|Any CPU
		{6B2A3971-DFD2-45F8-B306-B659C362ABCF}.DVD-5|Any CPU.Build.0 = Debug|Any CPU
		{6B2A3971-DFD2-45F8-B306-B659C362ABCF}.Release|Any CPU.ActiveCfg = Release|Any CPU
		{6B2A3971-DFD2-45F8-B306-B659C362ABCF}.Release|Any CPU.Build.0 = Release|Any CPU
		{6B2A3971-DFD2-45F8-B306-B659C362ABCF}.SingleImage|Any CPU.ActiveCfg = Release|Any CPU
		{6B2A3971-DFD2-45F8-B306-B659C362ABCF}.SingleImage|Any CPU.Build.0 = Release|Any CPU
		{367783A3-F8A6-4C32-8BDC-48E1A5C20510}.CD_ROM|Any CPU.ActiveCfg = Release|Any CPU
		{367783A3-F8A6-4C32-8BDC-48E1A5C20510}.CD_ROM|Any CPU.Build.0 = Release|Any CPU
		{367783A3-F8A6-4C32-8BDC-48E1A5C20510}.Debug|Any CPU.ActiveCfg = Debug|Any CPU
		{367783A3-F8A6-4C32-8BDC-48E1A5C20510}.Debug|Any CPU.Build.0 = Debug|Any CPU
		{367783A3-F8A6-4C32-8BDC-48E1A5C20510}.DVD-5|Any CPU.ActiveCfg = Debug|Any CPU
		{367783A3-F8A6-4C32-8BDC-48E1A5C20510}.DVD-5|Any CPU.Build.0 = Debug|Any CPU
		{367783A3-F8A6-4C32-8BDC-48E1A5C20510}.Release|Any CPU.ActiveCfg = Release|Any CPU
		{367783A3-F8A6-4C32-8BDC-48E1A5C20510}.Release|Any CPU.Build.0 = Release|Any CPU
		{367783A3-F8A6-4C32-8BDC-48E1A5C20510}.SingleImage|Any CPU.ActiveCfg = Release|Any CPU
		{367783A3-F8A6-4C32-8BDC-48E1A5C20510}.SingleImage|Any CPU.Build.0 = Release|Any CPU
		{6E51B34B-B394-450D-B935-3AC3968C8165}.CD_ROM|Any CPU.ActiveCfg = Release|Any CPU
		{6E51B34B-B394-450D-B935-3AC3968C8165}.CD_ROM|Any CPU.Build.0 = Release|Any CPU
		{6E51B34B-B394-450D-B935-3AC3968C8165}.Debug|Any CPU.ActiveCfg = Debug|Any CPU
		{6E51B34B-B394-450D-B935-3AC3968C8165}.Debug|Any CPU.Build.0 = Debug|Any CPU
		{6E51B34B-B394-450D-B935-3AC3968C8165}.DVD-5|Any CPU.ActiveCfg = Debug|Any CPU
		{6E51B34B-B394-450D-B935-3AC3968C8165}.DVD-5|Any CPU.Build.0 = Debug|Any CPU
		{6E51B34B-B394-450D-B935-3AC3968C8165}.Release|Any CPU.ActiveCfg = Release|Any CPU
		{6E51B34B-B394-450D-B935-3AC3968C8165}.Release|Any CPU.Build.0 = Release|Any CPU
		{6E51B34B-B394-450D-B935-3AC3968C8165}.SingleImage|Any CPU.ActiveCfg = Release|Any CPU
		{6E51B34B-B394-450D-B935-3AC3968C8165}.SingleImage|Any CPU.Build.0 = Release|Any CPU
		{AEB00838-1DCD-4A56-A2F9-7256616BA426}.CD_ROM|Any CPU.ActiveCfg = Release|Any CPU
		{AEB00838-1DCD-4A56-A2F9-7256616BA426}.CD_ROM|Any CPU.Build.0 = Release|Any CPU
		{AEB00838-1DCD-4A56-A2F9-7256616BA426}.Debug|Any CPU.ActiveCfg = Debug|Any CPU
		{AEB00838-1DCD-4A56-A2F9-7256616BA426}.Debug|Any CPU.Build.0 = Debug|Any CPU
		{AEB00838-1DCD-4A56-A2F9-7256616BA426}.DVD-5|Any CPU.ActiveCfg = Debug|Any CPU
		{AEB00838-1DCD-4A56-A2F9-7256616BA426}.DVD-5|Any CPU.Build.0 = Debug|Any CPU
		{AEB00838-1DCD-4A56-A2F9-7256616BA426}.Release|Any CPU.ActiveCfg = Release|Any CPU
		{AEB00838-1DCD-4A56-A2F9-7256616BA426}.Release|Any CPU.Build.0 = Release|Any CPU
		{AEB00838-1DCD-4A56-A2F9-7256616BA426}.SingleImage|Any CPU.ActiveCfg = Release|Any CPU
		{AEB00838-1DCD-4A56-A2F9-7256616BA426}.SingleImage|Any CPU.Build.0 = Release|Any CPU
		{D669DA92-6016-49B5-B100-96D3FDFBF727}.CD_ROM|Any CPU.ActiveCfg = Release|Any CPU
		{D669DA92-6016-49B5-B100-96D3FDFBF727}.CD_ROM|Any CPU.Build.0 = Release|Any CPU
		{D669DA92-6016-49B5-B100-96D3FDFBF727}.Debug|Any CPU.ActiveCfg = Debug|Any CPU
		{D669DA92-6016-49B5-B100-96D3FDFBF727}.Debug|Any CPU.Build.0 = Debug|Any CPU
		{D669DA92-6016-49B5-B100-96D3FDFBF727}.DVD-5|Any CPU.ActiveCfg = Debug|Any CPU
		{D669DA92-6016-49B5-B100-96D3FDFBF727}.DVD-5|Any CPU.Build.0 = Debug|Any CPU
		{D669DA92-6016-49B5-B100-96D3FDFBF727}.Release|Any CPU.ActiveCfg = Release|Any CPU
		{D669DA92-6016-49B5-B100-96D3FDFBF727}.Release|Any CPU.Build.0 = Release|Any CPU
		{D669DA92-6016-49B5-B100-96D3FDFBF727}.SingleImage|Any CPU.ActiveCfg = Release|Any CPU
		{D669DA92-6016-49B5-B100-96D3FDFBF727}.SingleImage|Any CPU.Build.0 = Release|Any CPU
		{E31EB794-E2CF-4C25-A4EB-379BB64536B7}.CD_ROM|Any CPU.ActiveCfg = Release|Any CPU
		{E31EB794-E2CF-4C25-A4EB-379BB64536B7}.CD_ROM|Any CPU.Build.0 = Release|Any CPU
		{E31EB794-E2CF-4C25-A4EB-379BB64536B7}.Debug|Any CPU.ActiveCfg = Debug|Any CPU
		{E31EB794-E2CF-4C25-A4EB-379BB64536B7}.Debug|Any CPU.Build.0 = Debug|Any CPU
		{E31EB794-E2CF-4C25-A4EB-379BB64536B7}.DVD-5|Any CPU.ActiveCfg = Debug|Any CPU
		{E31EB794-E2CF-4C25-A4EB-379BB64536B7}.DVD-5|Any CPU.Build.0 = Debug|Any CPU
		{E31EB794-E2CF-4C25-A4EB-379BB64536B7}.Release|Any CPU.ActiveCfg = Release|Any CPU
		{E31EB794-E2CF-4C25-A4EB-379BB64536B7}.Release|Any CPU.Build.0 = Release|Any CPU
		{E31EB794-E2CF-4C25-A4EB-379BB64536B7}.SingleImage|Any CPU.ActiveCfg = Release|Any CPU
		{E31EB794-E2CF-4C25-A4EB-379BB64536B7}.SingleImage|Any CPU.Build.0 = Release|Any CPU
		{CA531B1C-9230-4337-9CA0-690B13AA04AC}.CD_ROM|Any CPU.ActiveCfg = Release|Any CPU
		{CA531B1C-9230-4337-9CA0-690B13AA04AC}.CD_ROM|Any CPU.Build.0 = Release|Any CPU
		{CA531B1C-9230-4337-9CA0-690B13AA04AC}.Debug|Any CPU.ActiveCfg = Debug|Any CPU
		{CA531B1C-9230-4337-9CA0-690B13AA04AC}.Debug|Any CPU.Build.0 = Debug|Any CPU
		{CA531B1C-9230-4337-9CA0-690B13AA04AC}.DVD-5|Any CPU.ActiveCfg = Debug|Any CPU
		{CA531B1C-9230-4337-9CA0-690B13AA04AC}.DVD-5|Any CPU.Build.0 = Debug|Any CPU
		{CA531B1C-9230-4337-9CA0-690B13AA04AC}.Release|Any CPU.ActiveCfg = Release|Any CPU
		{CA531B1C-9230-4337-9CA0-690B13AA04AC}.Release|Any CPU.Build.0 = Release|Any CPU
		{CA531B1C-9230-4337-9CA0-690B13AA04AC}.SingleImage|Any CPU.ActiveCfg = Release|Any CPU
		{CA531B1C-9230-4337-9CA0-690B13AA04AC}.SingleImage|Any CPU.Build.0 = Release|Any CPU
		{DCF2D88C-A57B-48D0-AFAE-0E7E3A56C8B2}.CD_ROM|Any CPU.ActiveCfg = Release|Any CPU
		{DCF2D88C-A57B-48D0-AFAE-0E7E3A56C8B2}.CD_ROM|Any CPU.Build.0 = Release|Any CPU
		{DCF2D88C-A57B-48D0-AFAE-0E7E3A56C8B2}.Debug|Any CPU.ActiveCfg = Debug|Any CPU
		{DCF2D88C-A57B-48D0-AFAE-0E7E3A56C8B2}.Debug|Any CPU.Build.0 = Debug|Any CPU
		{DCF2D88C-A57B-48D0-AFAE-0E7E3A56C8B2}.DVD-5|Any CPU.ActiveCfg = Debug|Any CPU
		{DCF2D88C-A57B-48D0-AFAE-0E7E3A56C8B2}.DVD-5|Any CPU.Build.0 = Debug|Any CPU
		{DCF2D88C-A57B-48D0-AFAE-0E7E3A56C8B2}.Release|Any CPU.ActiveCfg = Release|Any CPU
		{DCF2D88C-A57B-48D0-AFAE-0E7E3A56C8B2}.Release|Any CPU.Build.0 = Release|Any CPU
		{DCF2D88C-A57B-48D0-AFAE-0E7E3A56C8B2}.SingleImage|Any CPU.ActiveCfg = Release|Any CPU
		{DCF2D88C-A57B-48D0-AFAE-0E7E3A56C8B2}.SingleImage|Any CPU.Build.0 = Release|Any CPU
		{34F73ED6-42A8-41C3-B0EF-1A351139676D}.CD_ROM|Any CPU.ActiveCfg = Release|Any CPU
		{34F73ED6-42A8-41C3-B0EF-1A351139676D}.CD_ROM|Any CPU.Build.0 = Release|Any CPU
		{34F73ED6-42A8-41C3-B0EF-1A351139676D}.Debug|Any CPU.ActiveCfg = Debug|Any CPU
		{34F73ED6-42A8-41C3-B0EF-1A351139676D}.Debug|Any CPU.Build.0 = Debug|Any CPU
		{34F73ED6-42A8-41C3-B0EF-1A351139676D}.DVD-5|Any CPU.ActiveCfg = Debug|Any CPU
		{34F73ED6-42A8-41C3-B0EF-1A351139676D}.DVD-5|Any CPU.Build.0 = Debug|Any CPU
		{34F73ED6-42A8-41C3-B0EF-1A351139676D}.Release|Any CPU.ActiveCfg = Release|Any CPU
		{34F73ED6-42A8-41C3-B0EF-1A351139676D}.Release|Any CPU.Build.0 = Release|Any CPU
		{34F73ED6-42A8-41C3-B0EF-1A351139676D}.SingleImage|Any CPU.ActiveCfg = Release|Any CPU
		{34F73ED6-42A8-41C3-B0EF-1A351139676D}.SingleImage|Any CPU.Build.0 = Release|Any CPU
		{AC4E8C19-3B37-4396-9EF4-2C95A01A752A}.CD_ROM|Any CPU.ActiveCfg = Release|Any CPU
		{AC4E8C19-3B37-4396-9EF4-2C95A01A752A}.CD_ROM|Any CPU.Build.0 = Release|Any CPU
		{AC4E8C19-3B37-4396-9EF4-2C95A01A752A}.Debug|Any CPU.ActiveCfg = Debug|Any CPU
		{AC4E8C19-3B37-4396-9EF4-2C95A01A752A}.Debug|Any CPU.Build.0 = Debug|Any CPU
		{AC4E8C19-3B37-4396-9EF4-2C95A01A752A}.DVD-5|Any CPU.ActiveCfg = Debug|Any CPU
		{AC4E8C19-3B37-4396-9EF4-2C95A01A752A}.DVD-5|Any CPU.Build.0 = Debug|Any CPU
		{AC4E8C19-3B37-4396-9EF4-2C95A01A752A}.Release|Any CPU.ActiveCfg = Release|Any CPU
		{AC4E8C19-3B37-4396-9EF4-2C95A01A752A}.Release|Any CPU.Build.0 = Release|Any CPU
		{AC4E8C19-3B37-4396-9EF4-2C95A01A752A}.SingleImage|Any CPU.ActiveCfg = Release|Any CPU
		{AC4E8C19-3B37-4396-9EF4-2C95A01A752A}.SingleImage|Any CPU.Build.0 = Release|Any CPU
		{5A08DA14-257C-434D-8D58-EB7250383567}.CD_ROM|Any CPU.ActiveCfg = Release|Any CPU
		{5A08DA14-257C-434D-8D58-EB7250383567}.CD_ROM|Any CPU.Build.0 = Release|Any CPU
		{5A08DA14-257C-434D-8D58-EB7250383567}.Debug|Any CPU.ActiveCfg = Debug|Any CPU
		{5A08DA14-257C-434D-8D58-EB7250383567}.Debug|Any CPU.Build.0 = Debug|Any CPU
		{5A08DA14-257C-434D-8D58-EB7250383567}.DVD-5|Any CPU.ActiveCfg = Debug|Any CPU
		{5A08DA14-257C-434D-8D58-EB7250383567}.DVD-5|Any CPU.Build.0 = Debug|Any CPU
		{5A08DA14-257C-434D-8D58-EB7250383567}.Release|Any CPU.ActiveCfg = Release|Any CPU
		{5A08DA14-257C-434D-8D58-EB7250383567}.Release|Any CPU.Build.0 = Release|Any CPU
		{5A08DA14-257C-434D-8D58-EB7250383567}.SingleImage|Any CPU.ActiveCfg = Release|Any CPU
		{5A08DA14-257C-434D-8D58-EB7250383567}.SingleImage|Any CPU.Build.0 = Release|Any CPU
		{17B1CDDF-97FC-4A89-82B4-A78DD3114F67}.CD_ROM|Any CPU.ActiveCfg = Release|Any CPU
		{17B1CDDF-97FC-4A89-82B4-A78DD3114F67}.CD_ROM|Any CPU.Build.0 = Release|Any CPU
		{17B1CDDF-97FC-4A89-82B4-A78DD3114F67}.Debug|Any CPU.ActiveCfg = Debug|Any CPU
		{17B1CDDF-97FC-4A89-82B4-A78DD3114F67}.Debug|Any CPU.Build.0 = Debug|Any CPU
		{17B1CDDF-97FC-4A89-82B4-A78DD3114F67}.DVD-5|Any CPU.ActiveCfg = Debug|Any CPU
		{17B1CDDF-97FC-4A89-82B4-A78DD3114F67}.DVD-5|Any CPU.Build.0 = Debug|Any CPU
		{17B1CDDF-97FC-4A89-82B4-A78DD3114F67}.Release|Any CPU.ActiveCfg = Release|Any CPU
		{17B1CDDF-97FC-4A89-82B4-A78DD3114F67}.Release|Any CPU.Build.0 = Release|Any CPU
		{17B1CDDF-97FC-4A89-82B4-A78DD3114F67}.SingleImage|Any CPU.ActiveCfg = Release|Any CPU
		{17B1CDDF-97FC-4A89-82B4-A78DD3114F67}.SingleImage|Any CPU.Build.0 = Release|Any CPU
		{D9EE65AE-87D4-4E20-BA09-8D956AD8BA34}.CD_ROM|Any CPU.ActiveCfg = Release|Any CPU
		{D9EE65AE-87D4-4E20-BA09-8D956AD8BA34}.CD_ROM|Any CPU.Build.0 = Release|Any CPU
		{D9EE65AE-87D4-4E20-BA09-8D956AD8BA34}.Debug|Any CPU.ActiveCfg = Debug|Any CPU
		{D9EE65AE-87D4-4E20-BA09-8D956AD8BA34}.Debug|Any CPU.Build.0 = Debug|Any CPU
		{D9EE65AE-87D4-4E20-BA09-8D956AD8BA34}.DVD-5|Any CPU.ActiveCfg = Debug|Any CPU
		{D9EE65AE-87D4-4E20-BA09-8D956AD8BA34}.DVD-5|Any CPU.Build.0 = Debug|Any CPU
		{D9EE65AE-87D4-4E20-BA09-8D956AD8BA34}.Release|Any CPU.ActiveCfg = Release|Any CPU
		{D9EE65AE-87D4-4E20-BA09-8D956AD8BA34}.Release|Any CPU.Build.0 = Release|Any CPU
		{D9EE65AE-87D4-4E20-BA09-8D956AD8BA34}.SingleImage|Any CPU.ActiveCfg = Release|Any CPU
		{D9EE65AE-87D4-4E20-BA09-8D956AD8BA34}.SingleImage|Any CPU.Build.0 = Release|Any CPU
		{6CA288C8-6249-40BC-9FC3-447E4DEB5306}.CD_ROM|Any CPU.ActiveCfg = Release|Any CPU
		{6CA288C8-6249-40BC-9FC3-447E4DEB5306}.CD_ROM|Any CPU.Build.0 = Release|Any CPU
		{6CA288C8-6249-40BC-9FC3-447E4DEB5306}.Debug|Any CPU.ActiveCfg = Debug|Any CPU
		{6CA288C8-6249-40BC-9FC3-447E4DEB5306}.Debug|Any CPU.Build.0 = Debug|Any CPU
		{6CA288C8-6249-40BC-9FC3-447E4DEB5306}.DVD-5|Any CPU.ActiveCfg = Debug|Any CPU
		{6CA288C8-6249-40BC-9FC3-447E4DEB5306}.DVD-5|Any CPU.Build.0 = Debug|Any CPU
		{6CA288C8-6249-40BC-9FC3-447E4DEB5306}.Release|Any CPU.ActiveCfg = Release|Any CPU
		{6CA288C8-6249-40BC-9FC3-447E4DEB5306}.Release|Any CPU.Build.0 = Release|Any CPU
		{6CA288C8-6249-40BC-9FC3-447E4DEB5306}.SingleImage|Any CPU.ActiveCfg = Release|Any CPU
		{6CA288C8-6249-40BC-9FC3-447E4DEB5306}.SingleImage|Any CPU.Build.0 = Release|Any CPU
		{482E63E7-A6FB-4E90-8584-8F7FA729BAF2}.CD_ROM|Any CPU.ActiveCfg = Release|Any CPU
		{482E63E7-A6FB-4E90-8584-8F7FA729BAF2}.CD_ROM|Any CPU.Build.0 = Release|Any CPU
		{482E63E7-A6FB-4E90-8584-8F7FA729BAF2}.Debug|Any CPU.ActiveCfg = Debug|Any CPU
		{482E63E7-A6FB-4E90-8584-8F7FA729BAF2}.Debug|Any CPU.Build.0 = Debug|Any CPU
		{482E63E7-A6FB-4E90-8584-8F7FA729BAF2}.DVD-5|Any CPU.ActiveCfg = Debug|Any CPU
		{482E63E7-A6FB-4E90-8584-8F7FA729BAF2}.DVD-5|Any CPU.Build.0 = Debug|Any CPU
		{482E63E7-A6FB-4E90-8584-8F7FA729BAF2}.Release|Any CPU.ActiveCfg = Release|Any CPU
		{482E63E7-A6FB-4E90-8584-8F7FA729BAF2}.Release|Any CPU.Build.0 = Release|Any CPU
		{482E63E7-A6FB-4E90-8584-8F7FA729BAF2}.SingleImage|Any CPU.ActiveCfg = Release|Any CPU
		{482E63E7-A6FB-4E90-8584-8F7FA729BAF2}.SingleImage|Any CPU.Build.0 = Release|Any CPU
		{FC41AC65-23AE-4167-BB0D-692652C2D559}.CD_ROM|Any CPU.ActiveCfg = Release|Any CPU
		{FC41AC65-23AE-4167-BB0D-692652C2D559}.CD_ROM|Any CPU.Build.0 = Release|Any CPU
		{FC41AC65-23AE-4167-BB0D-692652C2D559}.Debug|Any CPU.ActiveCfg = Debug|Any CPU
		{FC41AC65-23AE-4167-BB0D-692652C2D559}.Debug|Any CPU.Build.0 = Debug|Any CPU
		{FC41AC65-23AE-4167-BB0D-692652C2D559}.DVD-5|Any CPU.ActiveCfg = Debug|Any CPU
		{FC41AC65-23AE-4167-BB0D-692652C2D559}.DVD-5|Any CPU.Build.0 = Debug|Any CPU
		{FC41AC65-23AE-4167-BB0D-692652C2D559}.Release|Any CPU.ActiveCfg = Release|Any CPU
		{FC41AC65-23AE-4167-BB0D-692652C2D559}.Release|Any CPU.Build.0 = Release|Any CPU
		{FC41AC65-23AE-4167-BB0D-692652C2D559}.SingleImage|Any CPU.ActiveCfg = Release|Any CPU
		{FC41AC65-23AE-4167-BB0D-692652C2D559}.SingleImage|Any CPU.Build.0 = Release|Any CPU
		{3CF517FC-28F2-4596-A2F3-DA73B0938DD0}.CD_ROM|Any CPU.ActiveCfg = Release|Any CPU
		{3CF517FC-28F2-4596-A2F3-DA73B0938DD0}.CD_ROM|Any CPU.Build.0 = Release|Any CPU
		{3CF517FC-28F2-4596-A2F3-DA73B0938DD0}.Debug|Any CPU.ActiveCfg = Debug|Any CPU
		{3CF517FC-28F2-4596-A2F3-DA73B0938DD0}.Debug|Any CPU.Build.0 = Debug|Any CPU
		{3CF517FC-28F2-4596-A2F3-DA73B0938DD0}.DVD-5|Any CPU.ActiveCfg = Debug|Any CPU
		{3CF517FC-28F2-4596-A2F3-DA73B0938DD0}.DVD-5|Any CPU.Build.0 = Debug|Any CPU
		{3CF517FC-28F2-4596-A2F3-DA73B0938DD0}.Release|Any CPU.ActiveCfg = Release|Any CPU
		{3CF517FC-28F2-4596-A2F3-DA73B0938DD0}.Release|Any CPU.Build.0 = Release|Any CPU
		{3CF517FC-28F2-4596-A2F3-DA73B0938DD0}.SingleImage|Any CPU.ActiveCfg = Release|Any CPU
		{3CF517FC-28F2-4596-A2F3-DA73B0938DD0}.SingleImage|Any CPU.Build.0 = Release|Any CPU
		{DD7B3A0E-56F6-4128-97FC-C4086CD4BDE9}.CD_ROM|Any CPU.ActiveCfg = Release|Any CPU
		{DD7B3A0E-56F6-4128-97FC-C4086CD4BDE9}.CD_ROM|Any CPU.Build.0 = Release|Any CPU
		{DD7B3A0E-56F6-4128-97FC-C4086CD4BDE9}.Debug|Any CPU.ActiveCfg = Debug|Any CPU
		{DD7B3A0E-56F6-4128-97FC-C4086CD4BDE9}.Debug|Any CPU.Build.0 = Debug|Any CPU
		{DD7B3A0E-56F6-4128-97FC-C4086CD4BDE9}.DVD-5|Any CPU.ActiveCfg = Debug|Any CPU
		{DD7B3A0E-56F6-4128-97FC-C4086CD4BDE9}.DVD-5|Any CPU.Build.0 = Debug|Any CPU
		{DD7B3A0E-56F6-4128-97FC-C4086CD4BDE9}.Release|Any CPU.ActiveCfg = Release|Any CPU
		{DD7B3A0E-56F6-4128-97FC-C4086CD4BDE9}.Release|Any CPU.Build.0 = Release|Any CPU
		{DD7B3A0E-56F6-4128-97FC-C4086CD4BDE9}.SingleImage|Any CPU.ActiveCfg = Release|Any CPU
		{DD7B3A0E-56F6-4128-97FC-C4086CD4BDE9}.SingleImage|Any CPU.Build.0 = Release|Any CPU
		{9B16F18D-AF99-4CBE-AB3E-1A688570AD03}.CD_ROM|Any CPU.ActiveCfg = Release|Any CPU
		{9B16F18D-AF99-4CBE-AB3E-1A688570AD03}.CD_ROM|Any CPU.Build.0 = Release|Any CPU
		{9B16F18D-AF99-4CBE-AB3E-1A688570AD03}.Debug|Any CPU.ActiveCfg = Debug|Any CPU
		{9B16F18D-AF99-4CBE-AB3E-1A688570AD03}.Debug|Any CPU.Build.0 = Debug|Any CPU
		{9B16F18D-AF99-4CBE-AB3E-1A688570AD03}.DVD-5|Any CPU.ActiveCfg = Debug|Any CPU
		{9B16F18D-AF99-4CBE-AB3E-1A688570AD03}.DVD-5|Any CPU.Build.0 = Debug|Any CPU
		{9B16F18D-AF99-4CBE-AB3E-1A688570AD03}.Release|Any CPU.ActiveCfg = Release|Any CPU
		{9B16F18D-AF99-4CBE-AB3E-1A688570AD03}.Release|Any CPU.Build.0 = Release|Any CPU
		{9B16F18D-AF99-4CBE-AB3E-1A688570AD03}.SingleImage|Any CPU.ActiveCfg = Release|Any CPU
		{9B16F18D-AF99-4CBE-AB3E-1A688570AD03}.SingleImage|Any CPU.Build.0 = Release|Any CPU
		{EA846AE5-AE83-49F9-A718-7C4DA1952DBF}.CD_ROM|Any CPU.ActiveCfg = Release|Any CPU
		{EA846AE5-AE83-49F9-A718-7C4DA1952DBF}.CD_ROM|Any CPU.Build.0 = Release|Any CPU
		{EA846AE5-AE83-49F9-A718-7C4DA1952DBF}.Debug|Any CPU.ActiveCfg = Debug|Any CPU
		{EA846AE5-AE83-49F9-A718-7C4DA1952DBF}.Debug|Any CPU.Build.0 = Debug|Any CPU
		{EA846AE5-AE83-49F9-A718-7C4DA1952DBF}.DVD-5|Any CPU.ActiveCfg = Debug|Any CPU
		{EA846AE5-AE83-49F9-A718-7C4DA1952DBF}.DVD-5|Any CPU.Build.0 = Debug|Any CPU
		{EA846AE5-AE83-49F9-A718-7C4DA1952DBF}.Release|Any CPU.ActiveCfg = Release|Any CPU
		{EA846AE5-AE83-49F9-A718-7C4DA1952DBF}.Release|Any CPU.Build.0 = Release|Any CPU
		{EA846AE5-AE83-49F9-A718-7C4DA1952DBF}.SingleImage|Any CPU.ActiveCfg = Release|Any CPU
		{EA846AE5-AE83-49F9-A718-7C4DA1952DBF}.SingleImage|Any CPU.Build.0 = Release|Any CPU
		{E3DC1E4F-EA0C-4569-BFF6-A6F50E72CC23}.CD_ROM|Any CPU.ActiveCfg = Release|Any CPU
		{E3DC1E4F-EA0C-4569-BFF6-A6F50E72CC23}.CD_ROM|Any CPU.Build.0 = Release|Any CPU
		{E3DC1E4F-EA0C-4569-BFF6-A6F50E72CC23}.Debug|Any CPU.ActiveCfg = Debug|Any CPU
		{E3DC1E4F-EA0C-4569-BFF6-A6F50E72CC23}.Debug|Any CPU.Build.0 = Debug|Any CPU
		{E3DC1E4F-EA0C-4569-BFF6-A6F50E72CC23}.DVD-5|Any CPU.ActiveCfg = Debug|Any CPU
		{E3DC1E4F-EA0C-4569-BFF6-A6F50E72CC23}.DVD-5|Any CPU.Build.0 = Debug|Any CPU
		{E3DC1E4F-EA0C-4569-BFF6-A6F50E72CC23}.Release|Any CPU.ActiveCfg = Release|Any CPU
		{E3DC1E4F-EA0C-4569-BFF6-A6F50E72CC23}.Release|Any CPU.Build.0 = Release|Any CPU
		{E3DC1E4F-EA0C-4569-BFF6-A6F50E72CC23}.SingleImage|Any CPU.ActiveCfg = Release|Any CPU
		{E3DC1E4F-EA0C-4569-BFF6-A6F50E72CC23}.SingleImage|Any CPU.Build.0 = Release|Any CPU
		{8146F60A-8CA7-45E7-A7D0-E7C31002E08A}.CD_ROM|Any CPU.ActiveCfg = Release|Any CPU
		{8146F60A-8CA7-45E7-A7D0-E7C31002E08A}.CD_ROM|Any CPU.Build.0 = Release|Any CPU
		{8146F60A-8CA7-45E7-A7D0-E7C31002E08A}.Debug|Any CPU.ActiveCfg = Debug|Any CPU
		{8146F60A-8CA7-45E7-A7D0-E7C31002E08A}.Debug|Any CPU.Build.0 = Debug|Any CPU
		{8146F60A-8CA7-45E7-A7D0-E7C31002E08A}.DVD-5|Any CPU.ActiveCfg = Debug|Any CPU
		{8146F60A-8CA7-45E7-A7D0-E7C31002E08A}.DVD-5|Any CPU.Build.0 = Debug|Any CPU
		{8146F60A-8CA7-45E7-A7D0-E7C31002E08A}.Release|Any CPU.ActiveCfg = Release|Any CPU
		{8146F60A-8CA7-45E7-A7D0-E7C31002E08A}.Release|Any CPU.Build.0 = Release|Any CPU
		{8146F60A-8CA7-45E7-A7D0-E7C31002E08A}.SingleImage|Any CPU.ActiveCfg = Release|Any CPU
		{8146F60A-8CA7-45E7-A7D0-E7C31002E08A}.SingleImage|Any CPU.Build.0 = Release|Any CPU
		{1C20B7FF-827D-43AD-B9E2-2863A6CE4A98}.CD_ROM|Any CPU.ActiveCfg = Release|Any CPU
		{1C20B7FF-827D-43AD-B9E2-2863A6CE4A98}.CD_ROM|Any CPU.Build.0 = Release|Any CPU
		{1C20B7FF-827D-43AD-B9E2-2863A6CE4A98}.Debug|Any CPU.ActiveCfg = Debug|Any CPU
		{1C20B7FF-827D-43AD-B9E2-2863A6CE4A98}.Debug|Any CPU.Build.0 = Debug|Any CPU
		{1C20B7FF-827D-43AD-B9E2-2863A6CE4A98}.DVD-5|Any CPU.ActiveCfg = Debug|Any CPU
		{1C20B7FF-827D-43AD-B9E2-2863A6CE4A98}.DVD-5|Any CPU.Build.0 = Debug|Any CPU
		{1C20B7FF-827D-43AD-B9E2-2863A6CE4A98}.Release|Any CPU.ActiveCfg = Release|Any CPU
		{1C20B7FF-827D-43AD-B9E2-2863A6CE4A98}.Release|Any CPU.Build.0 = Release|Any CPU
		{1C20B7FF-827D-43AD-B9E2-2863A6CE4A98}.SingleImage|Any CPU.ActiveCfg = Release|Any CPU
		{1C20B7FF-827D-43AD-B9E2-2863A6CE4A98}.SingleImage|Any CPU.Build.0 = Release|Any CPU
		{534474F3-F207-4147-8D4F-2A75AE8F9A9A}.CD_ROM|Any CPU.ActiveCfg = Release|Any CPU
		{534474F3-F207-4147-8D4F-2A75AE8F9A9A}.CD_ROM|Any CPU.Build.0 = Release|Any CPU
		{534474F3-F207-4147-8D4F-2A75AE8F9A9A}.Debug|Any CPU.ActiveCfg = Debug|Any CPU
		{534474F3-F207-4147-8D4F-2A75AE8F9A9A}.Debug|Any CPU.Build.0 = Debug|Any CPU
		{534474F3-F207-4147-8D4F-2A75AE8F9A9A}.DVD-5|Any CPU.ActiveCfg = Debug|Any CPU
		{534474F3-F207-4147-8D4F-2A75AE8F9A9A}.DVD-5|Any CPU.Build.0 = Debug|Any CPU
		{534474F3-F207-4147-8D4F-2A75AE8F9A9A}.Release|Any CPU.ActiveCfg = Release|Any CPU
		{534474F3-F207-4147-8D4F-2A75AE8F9A9A}.Release|Any CPU.Build.0 = Release|Any CPU
		{534474F3-F207-4147-8D4F-2A75AE8F9A9A}.SingleImage|Any CPU.ActiveCfg = Release|Any CPU
		{534474F3-F207-4147-8D4F-2A75AE8F9A9A}.SingleImage|Any CPU.Build.0 = Release|Any CPU
		{4A8A2660-9A65-478F-8543-DDF8CA9CC87E}.CD_ROM|Any CPU.ActiveCfg = Release|Any CPU
		{4A8A2660-9A65-478F-8543-DDF8CA9CC87E}.CD_ROM|Any CPU.Build.0 = Release|Any CPU
		{4A8A2660-9A65-478F-8543-DDF8CA9CC87E}.Debug|Any CPU.ActiveCfg = Debug|Any CPU
		{4A8A2660-9A65-478F-8543-DDF8CA9CC87E}.Debug|Any CPU.Build.0 = Debug|Any CPU
		{4A8A2660-9A65-478F-8543-DDF8CA9CC87E}.DVD-5|Any CPU.ActiveCfg = Debug|Any CPU
		{4A8A2660-9A65-478F-8543-DDF8CA9CC87E}.DVD-5|Any CPU.Build.0 = Debug|Any CPU
		{4A8A2660-9A65-478F-8543-DDF8CA9CC87E}.Release|Any CPU.ActiveCfg = Release|Any CPU
		{4A8A2660-9A65-478F-8543-DDF8CA9CC87E}.Release|Any CPU.Build.0 = Release|Any CPU
		{4A8A2660-9A65-478F-8543-DDF8CA9CC87E}.SingleImage|Any CPU.ActiveCfg = Release|Any CPU
		{4A8A2660-9A65-478F-8543-DDF8CA9CC87E}.SingleImage|Any CPU.Build.0 = Release|Any CPU
		{FFA4E9C9-7D6D-403C-9C6A-4AD76DEFAC69}.CD_ROM|Any CPU.ActiveCfg = Release|Any CPU
		{FFA4E9C9-7D6D-403C-9C6A-4AD76DEFAC69}.CD_ROM|Any CPU.Build.0 = Release|Any CPU
		{FFA4E9C9-7D6D-403C-9C6A-4AD76DEFAC69}.Debug|Any CPU.ActiveCfg = Debug|Any CPU
		{FFA4E9C9-7D6D-403C-9C6A-4AD76DEFAC69}.Debug|Any CPU.Build.0 = Debug|Any CPU
		{FFA4E9C9-7D6D-403C-9C6A-4AD76DEFAC69}.DVD-5|Any CPU.ActiveCfg = Debug|Any CPU
		{FFA4E9C9-7D6D-403C-9C6A-4AD76DEFAC69}.DVD-5|Any CPU.Build.0 = Debug|Any CPU
		{FFA4E9C9-7D6D-403C-9C6A-4AD76DEFAC69}.Release|Any CPU.ActiveCfg = Release|Any CPU
		{FFA4E9C9-7D6D-403C-9C6A-4AD76DEFAC69}.Release|Any CPU.Build.0 = Release|Any CPU
		{FFA4E9C9-7D6D-403C-9C6A-4AD76DEFAC69}.SingleImage|Any CPU.ActiveCfg = Release|Any CPU
		{FFA4E9C9-7D6D-403C-9C6A-4AD76DEFAC69}.SingleImage|Any CPU.Build.0 = Release|Any CPU
		{49430B16-5C90-4281-9919-952A6D372B54}.CD_ROM|Any CPU.ActiveCfg = Release|Any CPU
		{49430B16-5C90-4281-9919-952A6D372B54}.CD_ROM|Any CPU.Build.0 = Release|Any CPU
		{49430B16-5C90-4281-9919-952A6D372B54}.Debug|Any CPU.ActiveCfg = Debug|Any CPU
		{49430B16-5C90-4281-9919-952A6D372B54}.Debug|Any CPU.Build.0 = Debug|Any CPU
		{49430B16-5C90-4281-9919-952A6D372B54}.DVD-5|Any CPU.ActiveCfg = Debug|Any CPU
		{49430B16-5C90-4281-9919-952A6D372B54}.DVD-5|Any CPU.Build.0 = Debug|Any CPU
		{49430B16-5C90-4281-9919-952A6D372B54}.Release|Any CPU.ActiveCfg = Release|Any CPU
		{49430B16-5C90-4281-9919-952A6D372B54}.Release|Any CPU.Build.0 = Release|Any CPU
		{49430B16-5C90-4281-9919-952A6D372B54}.SingleImage|Any CPU.ActiveCfg = Release|Any CPU
		{49430B16-5C90-4281-9919-952A6D372B54}.SingleImage|Any CPU.Build.0 = Release|Any CPU
		{A3F1FE4E-0E63-4E5C-9BE5-6D498590402D}.CD_ROM|Any CPU.ActiveCfg = Release|Any CPU
		{A3F1FE4E-0E63-4E5C-9BE5-6D498590402D}.CD_ROM|Any CPU.Build.0 = Release|Any CPU
		{A3F1FE4E-0E63-4E5C-9BE5-6D498590402D}.Debug|Any CPU.ActiveCfg = Debug|Any CPU
		{A3F1FE4E-0E63-4E5C-9BE5-6D498590402D}.Debug|Any CPU.Build.0 = Debug|Any CPU
		{A3F1FE4E-0E63-4E5C-9BE5-6D498590402D}.DVD-5|Any CPU.ActiveCfg = Debug|Any CPU
		{A3F1FE4E-0E63-4E5C-9BE5-6D498590402D}.DVD-5|Any CPU.Build.0 = Debug|Any CPU
		{A3F1FE4E-0E63-4E5C-9BE5-6D498590402D}.Release|Any CPU.ActiveCfg = Release|Any CPU
		{A3F1FE4E-0E63-4E5C-9BE5-6D498590402D}.Release|Any CPU.Build.0 = Release|Any CPU
		{A3F1FE4E-0E63-4E5C-9BE5-6D498590402D}.SingleImage|Any CPU.ActiveCfg = Release|Any CPU
		{A3F1FE4E-0E63-4E5C-9BE5-6D498590402D}.SingleImage|Any CPU.Build.0 = Release|Any CPU
		{35D6008D-9C20-466F-9D31-2CADE9D13F37}.CD_ROM|Any CPU.ActiveCfg = Release|Any CPU
		{35D6008D-9C20-466F-9D31-2CADE9D13F37}.CD_ROM|Any CPU.Build.0 = Release|Any CPU
		{35D6008D-9C20-466F-9D31-2CADE9D13F37}.Debug|Any CPU.ActiveCfg = Debug|Any CPU
		{35D6008D-9C20-466F-9D31-2CADE9D13F37}.Debug|Any CPU.Build.0 = Debug|Any CPU
		{35D6008D-9C20-466F-9D31-2CADE9D13F37}.DVD-5|Any CPU.ActiveCfg = Debug|Any CPU
		{35D6008D-9C20-466F-9D31-2CADE9D13F37}.DVD-5|Any CPU.Build.0 = Debug|Any CPU
		{35D6008D-9C20-466F-9D31-2CADE9D13F37}.Release|Any CPU.ActiveCfg = Release|Any CPU
		{35D6008D-9C20-466F-9D31-2CADE9D13F37}.Release|Any CPU.Build.0 = Release|Any CPU
		{35D6008D-9C20-466F-9D31-2CADE9D13F37}.SingleImage|Any CPU.ActiveCfg = Release|Any CPU
		{35D6008D-9C20-466F-9D31-2CADE9D13F37}.SingleImage|Any CPU.Build.0 = Release|Any CPU
		{C8D4F460-19BA-42C2-B66F-F2F54842CD3D}.CD_ROM|Any CPU.ActiveCfg = Release|Any CPU
		{C8D4F460-19BA-42C2-B66F-F2F54842CD3D}.CD_ROM|Any CPU.Build.0 = Release|Any CPU
		{C8D4F460-19BA-42C2-B66F-F2F54842CD3D}.Debug|Any CPU.ActiveCfg = Debug|Any CPU
		{C8D4F460-19BA-42C2-B66F-F2F54842CD3D}.Debug|Any CPU.Build.0 = Debug|Any CPU
		{C8D4F460-19BA-42C2-B66F-F2F54842CD3D}.DVD-5|Any CPU.ActiveCfg = Debug|Any CPU
		{C8D4F460-19BA-42C2-B66F-F2F54842CD3D}.DVD-5|Any CPU.Build.0 = Debug|Any CPU
		{C8D4F460-19BA-42C2-B66F-F2F54842CD3D}.Release|Any CPU.ActiveCfg = Release|Any CPU
		{C8D4F460-19BA-42C2-B66F-F2F54842CD3D}.Release|Any CPU.Build.0 = Release|Any CPU
		{C8D4F460-19BA-42C2-B66F-F2F54842CD3D}.SingleImage|Any CPU.ActiveCfg = Release|Any CPU
		{C8D4F460-19BA-42C2-B66F-F2F54842CD3D}.SingleImage|Any CPU.Build.0 = Release|Any CPU
		{16826E42-6A77-4551-BBB3-5BE703B62706}.CD_ROM|Any CPU.ActiveCfg = Release|Any CPU
		{16826E42-6A77-4551-BBB3-5BE703B62706}.CD_ROM|Any CPU.Build.0 = Release|Any CPU
		{16826E42-6A77-4551-BBB3-5BE703B62706}.Debug|Any CPU.ActiveCfg = Debug|Any CPU
		{16826E42-6A77-4551-BBB3-5BE703B62706}.Debug|Any CPU.Build.0 = Debug|Any CPU
		{16826E42-6A77-4551-BBB3-5BE703B62706}.DVD-5|Any CPU.ActiveCfg = Debug|Any CPU
		{16826E42-6A77-4551-BBB3-5BE703B62706}.DVD-5|Any CPU.Build.0 = Debug|Any CPU
		{16826E42-6A77-4551-BBB3-5BE703B62706}.Release|Any CPU.ActiveCfg = Release|Any CPU
		{16826E42-6A77-4551-BBB3-5BE703B62706}.Release|Any CPU.Build.0 = Release|Any CPU
		{16826E42-6A77-4551-BBB3-5BE703B62706}.SingleImage|Any CPU.ActiveCfg = Release|Any CPU
		{16826E42-6A77-4551-BBB3-5BE703B62706}.SingleImage|Any CPU.Build.0 = Release|Any CPU
		{45CF9981-E7BF-4310-89EA-84FF08319710}.CD_ROM|Any CPU.ActiveCfg = Release|Any CPU
		{45CF9981-E7BF-4310-89EA-84FF08319710}.CD_ROM|Any CPU.Build.0 = Release|Any CPU
		{45CF9981-E7BF-4310-89EA-84FF08319710}.Debug|Any CPU.ActiveCfg = Debug|Any CPU
		{45CF9981-E7BF-4310-89EA-84FF08319710}.Debug|Any CPU.Build.0 = Debug|Any CPU
		{45CF9981-E7BF-4310-89EA-84FF08319710}.DVD-5|Any CPU.ActiveCfg = Debug|Any CPU
		{45CF9981-E7BF-4310-89EA-84FF08319710}.DVD-5|Any CPU.Build.0 = Debug|Any CPU
		{45CF9981-E7BF-4310-89EA-84FF08319710}.Release|Any CPU.ActiveCfg = Release|Any CPU
		{45CF9981-E7BF-4310-89EA-84FF08319710}.Release|Any CPU.Build.0 = Release|Any CPU
		{45CF9981-E7BF-4310-89EA-84FF08319710}.SingleImage|Any CPU.ActiveCfg = Release|Any CPU
		{45CF9981-E7BF-4310-89EA-84FF08319710}.SingleImage|Any CPU.Build.0 = Release|Any CPU
		{35C00440-B66C-49E9-BE76-020E4A85F2B5}.CD_ROM|Any CPU.ActiveCfg = Release|Any CPU
		{35C00440-B66C-49E9-BE76-020E4A85F2B5}.CD_ROM|Any CPU.Build.0 = Release|Any CPU
		{35C00440-B66C-49E9-BE76-020E4A85F2B5}.Debug|Any CPU.ActiveCfg = Debug|Any CPU
		{35C00440-B66C-49E9-BE76-020E4A85F2B5}.Debug|Any CPU.Build.0 = Debug|Any CPU
		{35C00440-B66C-49E9-BE76-020E4A85F2B5}.DVD-5|Any CPU.ActiveCfg = Debug|Any CPU
		{35C00440-B66C-49E9-BE76-020E4A85F2B5}.DVD-5|Any CPU.Build.0 = Debug|Any CPU
		{35C00440-B66C-49E9-BE76-020E4A85F2B5}.Release|Any CPU.ActiveCfg = Release|Any CPU
		{35C00440-B66C-49E9-BE76-020E4A85F2B5}.Release|Any CPU.Build.0 = Release|Any CPU
		{35C00440-B66C-49E9-BE76-020E4A85F2B5}.SingleImage|Any CPU.ActiveCfg = Release|Any CPU
		{35C00440-B66C-49E9-BE76-020E4A85F2B5}.SingleImage|Any CPU.Build.0 = Release|Any CPU
	EndGlobalSection
	GlobalSection(SolutionProperties) = preSolution
		HideSolutionNode = FALSE
	EndGlobalSection
	GlobalSection(NestedProjects) = preSolution
		{35FA59A6-55F2-4586-9BB1-E9AA2FD444F8} = {11595D7D-95F9-4976-BB79-C7E4C2A6FFCE}
		{79C6CF3C-A437-48BA-9838-C1530247CE90} = {11595D7D-95F9-4976-BB79-C7E4C2A6FFCE}
		{DA636A9F-C88C-425F-AC10-42C47CEFD84B} = {11595D7D-95F9-4976-BB79-C7E4C2A6FFCE}
		{D5FA23D0-BB5F-4966-A77C-6F9825163CD6} = {11595D7D-95F9-4976-BB79-C7E4C2A6FFCE}
		{B531C30A-4D4E-4E37-B6DA-F827D3BCE283} = {11595D7D-95F9-4976-BB79-C7E4C2A6FFCE}
		{523DCCDC-5A89-4006-8602-42019E9D9396} = {11595D7D-95F9-4976-BB79-C7E4C2A6FFCE}
		{1629B624-5CD4-4CB3-ADF9-D6C5A29379B3} = {11595D7D-95F9-4976-BB79-C7E4C2A6FFCE}
		{3F190D84-6614-41EC-BDD0-3A334E82A2C9} = {11595D7D-95F9-4976-BB79-C7E4C2A6FFCE}
		{24976895-0B61-4947-A73B-F9B7407CBFFE} = {11595D7D-95F9-4976-BB79-C7E4C2A6FFCE}
		{82FCACF4-0805-472C-90A5-D74EA2A520E7} = {11595D7D-95F9-4976-BB79-C7E4C2A6FFCE}
		{49430B16-5C90-4281-9919-952A6D372B54} = {11595D7D-95F9-4976-BB79-C7E4C2A6FFCE}
		{45CF9981-E7BF-4310-89EA-84FF08319710} = {11595D7D-95F9-4976-BB79-C7E4C2A6FFCE}
		{35C00440-B66C-49E9-BE76-020E4A85F2B5} = {11595D7D-95F9-4976-BB79-C7E4C2A6FFCE}
		{8163CE0A-DF7C-4458-98FD-E39D61DC7094} = {C06A6C38-598B-4312-8E62-553E91991EAE}
		{5CE90F1A-0BE0-438D-A469-BE93D945359F} = {C06A6C38-598B-4312-8E62-553E91991EAE}
		{A0277B6C-CC11-4C0C-92B5-D3E2958F3F83} = {C06A6C38-598B-4312-8E62-553E91991EAE}
		{803B80E6-0800-4D5E-A57B-732BABFCFC9A} = {C06A6C38-598B-4312-8E62-553E91991EAE}
		{AE8B70F4-CA21-4C13-8725-218C95AF37A0} = {C06A6C38-598B-4312-8E62-553E91991EAE}
		{A1D618CD-B7F3-487E-ACBA-778110E7DF4C} = {C06A6C38-598B-4312-8E62-553E91991EAE}
		{7A06018F-C1EA-4759-8D17-0193906FFB25} = {C06A6C38-598B-4312-8E62-553E91991EAE}
		{9F4876EF-3094-43D6-964E-A45518DCA573} = {C06A6C38-598B-4312-8E62-553E91991EAE}
		{AD520F13-1366-48AB-9CEE-315568999C0D} = {C06A6C38-598B-4312-8E62-553E91991EAE}
		{312D2682-CFDA-4DCE-8309-C9E218B2B6EE} = {C06A6C38-598B-4312-8E62-553E91991EAE}
		{037BA1F6-8B32-4978-99E1-8602EFAED6E9} = {C06A6C38-598B-4312-8E62-553E91991EAE}
		{4C9AA9C6-25BA-4CFC-8BAD-EEA5248DE550} = {C06A6C38-598B-4312-8E62-553E91991EAE}
		{A3F1FE4E-0E63-4E5C-9BE5-6D498590402D} = {C06A6C38-598B-4312-8E62-553E91991EAE}
		{793B578E-174B-4B3A-94FD-DE635BC04062} = {9FBE3F17-A2EA-400D-B3D0-71E81A215DFE}
		{A88C3BE7-FB6C-4350-ACD2-DE4E5A997822} = {9FBE3F17-A2EA-400D-B3D0-71E81A215DFE}
		{97C0FD20-6937-42AF-8C3C-B81C990DDE79} = {9FBE3F17-A2EA-400D-B3D0-71E81A215DFE}
		{51FBD03A-6970-4485-8C30-2D5E80B58497} = {9FBE3F17-A2EA-400D-B3D0-71E81A215DFE}
		{457FD2CD-98AC-43D3-A227-02E04E28FEA3} = {9FBE3F17-A2EA-400D-B3D0-71E81A215DFE}
		{293C766A-24E2-45E5-BD73-4B83D36884BF} = {9FBE3F17-A2EA-400D-B3D0-71E81A215DFE}
		{0EE001C7-22B1-4915-8703-87B50D4051E6} = {9FBE3F17-A2EA-400D-B3D0-71E81A215DFE}
		{2644F6E8-9C26-4E2B-B5AD-7E36ADA80A62} = {9FBE3F17-A2EA-400D-B3D0-71E81A215DFE}
		{259C045C-9059-4C94-BC9C-CEDF07A057DC} = {9FBE3F17-A2EA-400D-B3D0-71E81A215DFE}
		{EE61D323-9ECA-40E2-9742-58C5225460DB} = {9FBE3F17-A2EA-400D-B3D0-71E81A215DFE}
		{C5FD151F-703E-4D10-A4DF-465A75155AA8} = {9FBE3F17-A2EA-400D-B3D0-71E81A215DFE}
		{6B2A3971-DFD2-45F8-B306-B659C362ABCF} = {9FBE3F17-A2EA-400D-B3D0-71E81A215DFE}
		{35D6008D-9C20-466F-9D31-2CADE9D13F37} = {9FBE3F17-A2EA-400D-B3D0-71E81A215DFE}
		{367783A3-F8A6-4C32-8BDC-48E1A5C20510} = {01C40296-F134-4412-82BB-FBC3C10CB802}
		{6E51B34B-B394-450D-B935-3AC3968C8165} = {01C40296-F134-4412-82BB-FBC3C10CB802}
		{AEB00838-1DCD-4A56-A2F9-7256616BA426} = {01C40296-F134-4412-82BB-FBC3C10CB802}
		{D669DA92-6016-49B5-B100-96D3FDFBF727} = {01C40296-F134-4412-82BB-FBC3C10CB802}
		{E31EB794-E2CF-4C25-A4EB-379BB64536B7} = {01C40296-F134-4412-82BB-FBC3C10CB802}
		{CA531B1C-9230-4337-9CA0-690B13AA04AC} = {01C40296-F134-4412-82BB-FBC3C10CB802}
		{DCF2D88C-A57B-48D0-AFAE-0E7E3A56C8B2} = {01C40296-F134-4412-82BB-FBC3C10CB802}
		{34F73ED6-42A8-41C3-B0EF-1A351139676D} = {01C40296-F134-4412-82BB-FBC3C10CB802}
		{AC4E8C19-3B37-4396-9EF4-2C95A01A752A} = {01C40296-F134-4412-82BB-FBC3C10CB802}
		{5A08DA14-257C-434D-8D58-EB7250383567} = {01C40296-F134-4412-82BB-FBC3C10CB802}
		{17B1CDDF-97FC-4A89-82B4-A78DD3114F67} = {01C40296-F134-4412-82BB-FBC3C10CB802}
		{D9EE65AE-87D4-4E20-BA09-8D956AD8BA34} = {01C40296-F134-4412-82BB-FBC3C10CB802}
		{6CA288C8-6249-40BC-9FC3-447E4DEB5306} = {01C40296-F134-4412-82BB-FBC3C10CB802}
		{482E63E7-A6FB-4E90-8584-8F7FA729BAF2} = {01C40296-F134-4412-82BB-FBC3C10CB802}
		{C8D4F460-19BA-42C2-B66F-F2F54842CD3D} = {01C40296-F134-4412-82BB-FBC3C10CB802}
		{FC41AC65-23AE-4167-BB0D-692652C2D559} = {46BAD75A-A7BF-4635-9A24-5C6378CF08A6}
		{3CF517FC-28F2-4596-A2F3-DA73B0938DD0} = {46BAD75A-A7BF-4635-9A24-5C6378CF08A6}
		{DD7B3A0E-56F6-4128-97FC-C4086CD4BDE9} = {46BAD75A-A7BF-4635-9A24-5C6378CF08A6}
		{9B16F18D-AF99-4CBE-AB3E-1A688570AD03} = {46BAD75A-A7BF-4635-9A24-5C6378CF08A6}
		{EA846AE5-AE83-49F9-A718-7C4DA1952DBF} = {46BAD75A-A7BF-4635-9A24-5C6378CF08A6}
		{E3DC1E4F-EA0C-4569-BFF6-A6F50E72CC23} = {46BAD75A-A7BF-4635-9A24-5C6378CF08A6}
		{8146F60A-8CA7-45E7-A7D0-E7C31002E08A} = {46BAD75A-A7BF-4635-9A24-5C6378CF08A6}
		{1C20B7FF-827D-43AD-B9E2-2863A6CE4A98} = {46BAD75A-A7BF-4635-9A24-5C6378CF08A6}
		{534474F3-F207-4147-8D4F-2A75AE8F9A9A} = {46BAD75A-A7BF-4635-9A24-5C6378CF08A6}
		{4A8A2660-9A65-478F-8543-DDF8CA9CC87E} = {46BAD75A-A7BF-4635-9A24-5C6378CF08A6}
		{FFA4E9C9-7D6D-403C-9C6A-4AD76DEFAC69} = {46BAD75A-A7BF-4635-9A24-5C6378CF08A6}
		{16826E42-6A77-4551-BBB3-5BE703B62706} = {46BAD75A-A7BF-4635-9A24-5C6378CF08A6}
	EndGlobalSection
EndGlobal
