
Microsoft Visual Studio Solution File, Format Version 12.00
# Visual Studio 2013
VisualStudioVersion = 12.0.30723.0
MinimumVisualStudioVersion = 10.0.40219.1
Project("{9092AA53-FB77-4645-B42D-1CCCA6BD08BD}") = "NodejsConsoleApp1", "NodejsConsoleApp1\NodejsConsoleApp1.njsproj", "{8ADF45D3-DC99-4D30-AE78-33CBE61E3CE3}"
EndProject
Project("{FAE04EC0-301F-11D3-BF4B-00C04F79EFBC}") = "WebApplication1", "WebApplication1\WebApplication1.csproj", "{288B2020-7E3A-4567-8FE4-122C690A098F}"
EndProject
Global
	GlobalSection(SolutionConfigurationPlatforms) = preSolution
		Debug|Any CPU = Debug|Any CPU
		Release|Any CPU = Release|Any CPU
	EndGlobalSection
	GlobalSection(ProjectConfigurationPlatforms) = postSolution
		{8ADF45D3-DC99-4D30-AE78-33CBE61E3CE3}.Debug|Any CPU.ActiveCfg = Debug|Any CPU
		{8ADF45D3-DC99-4D30-AE78-33CBE61E3CE3}.Debug|Any CPU.Build.0 = Debug|Any CPU
		{8ADF45D3-DC99-4D30-AE78-33CBE61E3CE3}.Release|Any CPU.ActiveCfg = Release|Any CPU
		{8ADF45D3-DC99-4D30-AE78-33CBE61E3CE3}.Release|Any CPU.Build.0 = Release|Any CPU
		{288B2020-7E3A-4567-8FE4-122C690A098F}.Debug|Any CPU.ActiveCfg = Debug|Any CPU
		{288B2020-7E3A-4567-8FE4-122C690A098F}.Debug|Any CPU.Build.0 = Debug|Any CPU
		{288B2020-7E3A-4567-8FE4-122C690A098F}.Release|Any CPU.ActiveCfg = Release|Any CPU
		{288B2020-7E3A-4567-8FE4-122C690A098F}.Release|Any CPU.Build.0 = Release|Any CPU
	EndGlobalSection
	GlobalSection(SolutionProperties) = preSolution
		HideSolutionNode = FALSE
	EndGlobalSection
EndGlobal
