
Microsoft Visual Studio Solution File, Format Version 12.00
# Visual Studio 2013
VisualStudioVersion = 12.0.30723.0
MinimumVisualStudioVersion = 10.0.40219.1
Project("{FAE04EC0-301F-11D3-BF4B-00C04F79EFBC}") = "01.NumberChecker", "01.NumberChecker\01.NumberChecker.csproj", "{B64BD633-5BF9-4FD9-9663-BAA52816A3A7}"
EndProject
Project("{FAE04EC0-301F-11D3-BF4B-00C04F79EFBC}") = "02.FindMinAndMaxN", "02.FindMinAndMaxN\02.FindMinAndMaxN.csproj", "{B10AF28C-BEDB-42DF-B217-604BD39323C5}"
EndProject
Project("{FAE04EC0-301F-11D3-BF4B-00C04F79EFBC}") = "03.Properties", "03.Properties\03.Properties.csproj", "{A39E795C-6682-4F41-A68D-956B0E8F79C9}"
EndProject
Project("{FAE04EC0-301F-11D3-BF4B-00C04F79EFBC}") = "04.CreateArray", "04.CreateArray\04.CreateArray.csproj", "{92E9D6C0-FFBC-4EA8-BB69-46DAFD99B9F8}"
EndProject
Project("{FAE04EC0-301F-11D3-BF4B-00C04F79EFBC}") = "05.CompareChars", "05.CompareChars\05.CompareChars.csproj", "{C838EFD3-0CFF-4A06-9529-160D18FA371F}"
EndProject
Project("{FAE04EC0-301F-11D3-BF4B-00C04F79EFBC}") = "06.MaxSequence", "06.MaxSequence\06.MaxSequence.csproj", "{E3E02711-5BEA-4DA6-9129-38879A2734CA}"
EndProject
Global
	GlobalSection(SolutionConfigurationPlatforms) = preSolution
		Debug|Any CPU = Debug|Any CPU
		Release|Any CPU = Release|Any CPU
	EndGlobalSection
	GlobalSection(ProjectConfigurationPlatforms) = postSolution
		{B64BD633-5BF9-4FD9-9663-BAA52816A3A7}.Debug|Any CPU.ActiveCfg = Debug|Any CPU
		{B64BD633-5BF9-4FD9-9663-BAA52816A3A7}.Debug|Any CPU.Build.0 = Debug|Any CPU
		{B64BD633-5BF9-4FD9-9663-BAA52816A3A7}.Release|Any CPU.ActiveCfg = Release|Any CPU
		{B64BD633-5BF9-4FD9-9663-BAA52816A3A7}.Release|Any CPU.Build.0 = Release|Any CPU
		{B10AF28C-BEDB-42DF-B217-604BD39323C5}.Debug|Any CPU.ActiveCfg = Debug|Any CPU
		{B10AF28C-BEDB-42DF-B217-604BD39323C5}.Debug|Any CPU.Build.0 = Debug|Any CPU
		{B10AF28C-BEDB-42DF-B217-604BD39323C5}.Release|Any CPU.ActiveCfg = Release|Any CPU
		{B10AF28C-BEDB-42DF-B217-604BD39323C5}.Release|Any CPU.Build.0 = Release|Any CPU
		{A39E795C-6682-4F41-A68D-956B0E8F79C9}.Debug|Any CPU.ActiveCfg = Debug|Any CPU
		{A39E795C-6682-4F41-A68D-956B0E8F79C9}.Debug|Any CPU.Build.0 = Debug|Any CPU
		{A39E795C-6682-4F41-A68D-956B0E8F79C9}.Release|Any CPU.ActiveCfg = Release|Any CPU
		{A39E795C-6682-4F41-A68D-956B0E8F79C9}.Release|Any CPU.Build.0 = Release|Any CPU
		{92E9D6C0-FFBC-4EA8-BB69-46DAFD99B9F8}.Debug|Any CPU.ActiveCfg = Debug|Any CPU
		{92E9D6C0-FFBC-4EA8-BB69-46DAFD99B9F8}.Debug|Any CPU.Build.0 = Debug|Any CPU
		{92E9D6C0-FFBC-4EA8-BB69-46DAFD99B9F8}.Release|Any CPU.ActiveCfg = Release|Any CPU
		{92E9D6C0-FFBC-4EA8-BB69-46DAFD99B9F8}.Release|Any CPU.Build.0 = Release|Any CPU
		{C838EFD3-0CFF-4A06-9529-160D18FA371F}.Debug|Any CPU.ActiveCfg = Debug|Any CPU
		{C838EFD3-0CFF-4A06-9529-160D18FA371F}.Debug|Any CPU.Build.0 = Debug|Any CPU
		{C838EFD3-0CFF-4A06-9529-160D18FA371F}.Release|Any CPU.ActiveCfg = Release|Any CPU
		{C838EFD3-0CFF-4A06-9529-160D18FA371F}.Release|Any CPU.Build.0 = Release|Any CPU
		{E3E02711-5BEA-4DA6-9129-38879A2734CA}.Debug|Any CPU.ActiveCfg = Debug|Any CPU
		{E3E02711-5BEA-4DA6-9129-38879A2734CA}.Debug|Any CPU.Build.0 = Debug|Any CPU
		{E3E02711-5BEA-4DA6-9129-38879A2734CA}.Release|Any CPU.ActiveCfg = Release|Any CPU
		{E3E02711-5BEA-4DA6-9129-38879A2734CA}.Release|Any CPU.Build.0 = Release|Any CPU
	EndGlobalSection
	GlobalSection(SolutionProperties) = preSolution
		HideSolutionNode = FALSE
	EndGlobalSection
EndGlobal
