
Microsoft Visual Studio Solution File, Format Version 12.00
# Visual Studio 2013
VisualStudioVersion = 12.0.21005.1
MinimumVisualStudioVersion = 10.0.40219.1
Project("{FAE04EC0-301F-11D3-BF4B-00C04F79EFBC}") = "01. SumOf3Numbers", "01.SumOf3Numbers\01. SumOf3Numbers.csproj", "{31572F7E-A398-4D20-B338-93A20220D4B5}"
EndProject
Project("{FAE04EC0-301F-11D3-BF4B-00C04F79EFBC}") = "02. PrintCompanyInformation", "02. PrintCompanyInformation\02. PrintCompanyInformation.csproj", "{F76787B0-D3D8-4B71-B558-BFF1EBE6D996}"
EndProject
Project("{FAE04EC0-301F-11D3-BF4B-00C04F79EFBC}") = "03. CirclePerimeterAndArea", "03. CirclePerimeterAndArea\03. CirclePerimeterAndArea.csproj", "{CC1F791B-1A1D-43A3-933C-EEDA647980E1}"
EndProject
Project("{FAE04EC0-301F-11D3-BF4B-00C04F79EFBC}") = "04. NumberComparer", "04. NumberComparer\04. NumberComparer.csproj", "{4AD32D65-28B5-4A0C-8E8E-2B04B8F9B3D0}"
EndProject
Project("{FAE04EC0-301F-11D3-BF4B-00C04F79EFBC}") = "05. FormattingNumbers", "05. FormattingNumbers\05. FormattingNumbers.csproj", "{C1D0ED23-AFE8-4E4B-B869-D4A874E2CF3C}"
EndProject
Project("{FAE04EC0-301F-11D3-BF4B-00C04F79EFBC}") = "06. QuadraticEquation", "06. QuadraticEquation\06. QuadraticEquation.csproj", "{3F9812D3-5DE7-45CB-AD7D-598655744D5A}"
EndProject
Project("{FAE04EC0-301F-11D3-BF4B-00C04F79EFBC}") = "trash", "ConsoleApplication1\trash.csproj", "{260CC975-9BE0-4FEE-B7C9-ED0BA46794A0}"
EndProject
Project("{FAE04EC0-301F-11D3-BF4B-00C04F79EFBC}") = "07. SumOf5Numbers", "07. SumOf5Numbers\07. SumOf5Numbers.csproj", "{DAF6DCF7-05CD-42D8-B40C-226A88FF46F2}"
EndProject
Project("{FAE04EC0-301F-11D3-BF4B-00C04F79EFBC}") = "08. NumbersFrom1ToN", "08. NumbersFrom1ToN\08. NumbersFrom1ToN.csproj", "{8713C4E7-8164-4831-92C6-99384F948C27}"
EndProject
Project("{FAE04EC0-301F-11D3-BF4B-00C04F79EFBC}") = "09.SumOfNNumbers", "09.SumOfNNumbers\09.SumOfNNumbers.csproj", "{35A66972-DD22-4E92-94C1-28D0EF7B25F5}"
EndProject
Project("{FAE04EC0-301F-11D3-BF4B-00C04F79EFBC}") = "10. FibonacciNumbers", "10. FibonacciNumbers\10. FibonacciNumbers.csproj", "{483ADD5C-B2E7-410C-A080-E4F0EC0986AB}"
EndProject
Project("{FAE04EC0-301F-11D3-BF4B-00C04F79EFBC}") = "11. NumbersInIntervalDividableByGivenNumber", "11. NumbersInIntervalDividableByGivenNumber\11. NumbersInIntervalDividableByGivenNumber.csproj", "{A4F3C148-122D-4A71-A47B-7EB513CE0AFF}"
EndProject
Project("{FAE04EC0-301F-11D3-BF4B-00C04F79EFBC}") = "13. WorkHours", "13. WorkHours\13. WorkHours.csproj", "{483FEB6A-4E70-453E-AAF2-87ED0465020E}"
EndProject
Project("{FAE04EC0-301F-11D3-BF4B-00C04F79EFBC}") = "14. SumOfElements", "14. SumOfElements\14. SumOfElements.csproj", "{AE7282A9-B11E-43DF-9DE5-E0E25E9607CB}"
EndProject
Project("{FAE04EC0-301F-11D3-BF4B-00C04F79EFBC}") = "15. NewHouse", "15. NewHouse\15. NewHouse.csproj", "{B1CDEF68-E306-4AE6-ACA8-2AD8E23E1980}"
EndProject
Project("{FAE04EC0-301F-11D3-BF4B-00C04F79EFBC}") = "16. MagicStrings", "16.  MagicStrings\16. MagicStrings.csproj", "{92125A90-59D8-4673-BBF7-024ECA9EB522}"
EndProject
Project("{FAE04EC0-301F-11D3-BF4B-00C04F79EFBC}") = "Тест", "Тест\Тест.csproj", "{34C29878-1670-40CA-A3F1-2D67A0DDA467}"
EndProject
Global
	GlobalSection(SolutionConfigurationPlatforms) = preSolution
		Debug|Any CPU = Debug|Any CPU
		Release|Any CPU = Release|Any CPU
	EndGlobalSection
	GlobalSection(ProjectConfigurationPlatforms) = postSolution
		{31572F7E-A398-4D20-B338-93A20220D4B5}.Debug|Any CPU.ActiveCfg = Debug|Any CPU
		{31572F7E-A398-4D20-B338-93A20220D4B5}.Debug|Any CPU.Build.0 = Debug|Any CPU
		{31572F7E-A398-4D20-B338-93A20220D4B5}.Release|Any CPU.ActiveCfg = Release|Any CPU
		{31572F7E-A398-4D20-B338-93A20220D4B5}.Release|Any CPU.Build.0 = Release|Any CPU
		{F76787B0-D3D8-4B71-B558-BFF1EBE6D996}.Debug|Any CPU.ActiveCfg = Debug|Any CPU
		{F76787B0-D3D8-4B71-B558-BFF1EBE6D996}.Debug|Any CPU.Build.0 = Debug|Any CPU
		{F76787B0-D3D8-4B71-B558-BFF1EBE6D996}.Release|Any CPU.ActiveCfg = Release|Any CPU
		{F76787B0-D3D8-4B71-B558-BFF1EBE6D996}.Release|Any CPU.Build.0 = Release|Any CPU
		{CC1F791B-1A1D-43A3-933C-EEDA647980E1}.Debug|Any CPU.ActiveCfg = Debug|Any CPU
		{CC1F791B-1A1D-43A3-933C-EEDA647980E1}.Debug|Any CPU.Build.0 = Debug|Any CPU
		{CC1F791B-1A1D-43A3-933C-EEDA647980E1}.Release|Any CPU.ActiveCfg = Release|Any CPU
		{CC1F791B-1A1D-43A3-933C-EEDA647980E1}.Release|Any CPU.Build.0 = Release|Any CPU
		{4AD32D65-28B5-4A0C-8E8E-2B04B8F9B3D0}.Debug|Any CPU.ActiveCfg = Debug|Any CPU
		{4AD32D65-28B5-4A0C-8E8E-2B04B8F9B3D0}.Debug|Any CPU.Build.0 = Debug|Any CPU
		{4AD32D65-28B5-4A0C-8E8E-2B04B8F9B3D0}.Release|Any CPU.ActiveCfg = Release|Any CPU
		{4AD32D65-28B5-4A0C-8E8E-2B04B8F9B3D0}.Release|Any CPU.Build.0 = Release|Any CPU
		{C1D0ED23-AFE8-4E4B-B869-D4A874E2CF3C}.Debug|Any CPU.ActiveCfg = Debug|Any CPU
		{C1D0ED23-AFE8-4E4B-B869-D4A874E2CF3C}.Debug|Any CPU.Build.0 = Debug|Any CPU
		{C1D0ED23-AFE8-4E4B-B869-D4A874E2CF3C}.Release|Any CPU.ActiveCfg = Release|Any CPU
		{C1D0ED23-AFE8-4E4B-B869-D4A874E2CF3C}.Release|Any CPU.Build.0 = Release|Any CPU
		{3F9812D3-5DE7-45CB-AD7D-598655744D5A}.Debug|Any CPU.ActiveCfg = Debug|Any CPU
		{3F9812D3-5DE7-45CB-AD7D-598655744D5A}.Debug|Any CPU.Build.0 = Debug|Any CPU
		{3F9812D3-5DE7-45CB-AD7D-598655744D5A}.Release|Any CPU.ActiveCfg = Release|Any CPU
		{3F9812D3-5DE7-45CB-AD7D-598655744D5A}.Release|Any CPU.Build.0 = Release|Any CPU
		{260CC975-9BE0-4FEE-B7C9-ED0BA46794A0}.Debug|Any CPU.ActiveCfg = Debug|Any CPU
		{260CC975-9BE0-4FEE-B7C9-ED0BA46794A0}.Debug|Any CPU.Build.0 = Debug|Any CPU
		{260CC975-9BE0-4FEE-B7C9-ED0BA46794A0}.Release|Any CPU.ActiveCfg = Release|Any CPU
		{260CC975-9BE0-4FEE-B7C9-ED0BA46794A0}.Release|Any CPU.Build.0 = Release|Any CPU
		{DAF6DCF7-05CD-42D8-B40C-226A88FF46F2}.Debug|Any CPU.ActiveCfg = Debug|Any CPU
		{DAF6DCF7-05CD-42D8-B40C-226A88FF46F2}.Debug|Any CPU.Build.0 = Debug|Any CPU
		{DAF6DCF7-05CD-42D8-B40C-226A88FF46F2}.Release|Any CPU.ActiveCfg = Release|Any CPU
		{DAF6DCF7-05CD-42D8-B40C-226A88FF46F2}.Release|Any CPU.Build.0 = Release|Any CPU
		{8713C4E7-8164-4831-92C6-99384F948C27}.Debug|Any CPU.ActiveCfg = Debug|Any CPU
		{8713C4E7-8164-4831-92C6-99384F948C27}.Debug|Any CPU.Build.0 = Debug|Any CPU
		{8713C4E7-8164-4831-92C6-99384F948C27}.Release|Any CPU.ActiveCfg = Release|Any CPU
		{8713C4E7-8164-4831-92C6-99384F948C27}.Release|Any CPU.Build.0 = Release|Any CPU
		{35A66972-DD22-4E92-94C1-28D0EF7B25F5}.Debug|Any CPU.ActiveCfg = Debug|Any CPU
		{35A66972-DD22-4E92-94C1-28D0EF7B25F5}.Debug|Any CPU.Build.0 = Debug|Any CPU
		{35A66972-DD22-4E92-94C1-28D0EF7B25F5}.Release|Any CPU.ActiveCfg = Release|Any CPU
		{35A66972-DD22-4E92-94C1-28D0EF7B25F5}.Release|Any CPU.Build.0 = Release|Any CPU
		{483ADD5C-B2E7-410C-A080-E4F0EC0986AB}.Debug|Any CPU.ActiveCfg = Debug|Any CPU
		{483ADD5C-B2E7-410C-A080-E4F0EC0986AB}.Debug|Any CPU.Build.0 = Debug|Any CPU
		{483ADD5C-B2E7-410C-A080-E4F0EC0986AB}.Release|Any CPU.ActiveCfg = Release|Any CPU
		{483ADD5C-B2E7-410C-A080-E4F0EC0986AB}.Release|Any CPU.Build.0 = Release|Any CPU
		{A4F3C148-122D-4A71-A47B-7EB513CE0AFF}.Debug|Any CPU.ActiveCfg = Debug|Any CPU
		{A4F3C148-122D-4A71-A47B-7EB513CE0AFF}.Debug|Any CPU.Build.0 = Debug|Any CPU
		{A4F3C148-122D-4A71-A47B-7EB513CE0AFF}.Release|Any CPU.ActiveCfg = Release|Any CPU
		{A4F3C148-122D-4A71-A47B-7EB513CE0AFF}.Release|Any CPU.Build.0 = Release|Any CPU
		{483FEB6A-4E70-453E-AAF2-87ED0465020E}.Debug|Any CPU.ActiveCfg = Debug|Any CPU
		{483FEB6A-4E70-453E-AAF2-87ED0465020E}.Debug|Any CPU.Build.0 = Debug|Any CPU
		{483FEB6A-4E70-453E-AAF2-87ED0465020E}.Release|Any CPU.ActiveCfg = Release|Any CPU
		{483FEB6A-4E70-453E-AAF2-87ED0465020E}.Release|Any CPU.Build.0 = Release|Any CPU
		{AE7282A9-B11E-43DF-9DE5-E0E25E9607CB}.Debug|Any CPU.ActiveCfg = Debug|Any CPU
		{AE7282A9-B11E-43DF-9DE5-E0E25E9607CB}.Debug|Any CPU.Build.0 = Debug|Any CPU
		{AE7282A9-B11E-43DF-9DE5-E0E25E9607CB}.Release|Any CPU.ActiveCfg = Release|Any CPU
		{AE7282A9-B11E-43DF-9DE5-E0E25E9607CB}.Release|Any CPU.Build.0 = Release|Any CPU
		{B1CDEF68-E306-4AE6-ACA8-2AD8E23E1980}.Debug|Any CPU.ActiveCfg = Debug|Any CPU
		{B1CDEF68-E306-4AE6-ACA8-2AD8E23E1980}.Debug|Any CPU.Build.0 = Debug|Any CPU
		{B1CDEF68-E306-4AE6-ACA8-2AD8E23E1980}.Release|Any CPU.ActiveCfg = Release|Any CPU
		{B1CDEF68-E306-4AE6-ACA8-2AD8E23E1980}.Release|Any CPU.Build.0 = Release|Any CPU
		{92125A90-59D8-4673-BBF7-024ECA9EB522}.Debug|Any CPU.ActiveCfg = Debug|Any CPU
		{92125A90-59D8-4673-BBF7-024ECA9EB522}.Debug|Any CPU.Build.0 = Debug|Any CPU
		{92125A90-59D8-4673-BBF7-024ECA9EB522}.Release|Any CPU.ActiveCfg = Release|Any CPU
		{92125A90-59D8-4673-BBF7-024ECA9EB522}.Release|Any CPU.Build.0 = Release|Any CPU
		{34C29878-1670-40CA-A3F1-2D67A0DDA467}.Debug|Any CPU.ActiveCfg = Debug|Any CPU
		{34C29878-1670-40CA-A3F1-2D67A0DDA467}.Debug|Any CPU.Build.0 = Debug|Any CPU
		{34C29878-1670-40CA-A3F1-2D67A0DDA467}.Release|Any CPU.ActiveCfg = Release|Any CPU
		{34C29878-1670-40CA-A3F1-2D67A0DDA467}.Release|Any CPU.Build.0 = Release|Any CPU
	EndGlobalSection
	GlobalSection(SolutionProperties) = preSolution
		HideSolutionNode = FALSE
	EndGlobalSection
EndGlobal
