
Microsoft Visual Studio Solution File, Format Version 12.00
# Visual Studio 2013
VisualStudioVersion = 12.0.31101.0
MinimumVisualStudioVersion = 10.0.40219.1
Project("{FAE04EC0-301F-11D3-BF4B-00C04F79EFBC}") = "01.StringBuilderExtensions", "01.StringBuilderExtensions\01.StringBuilderExtensions.csproj", "{5A8CFF99-EDBB-4929-AC3F-2277EF463643}"
EndProject
Project("{FAE04EC0-301F-11D3-BF4B-00C04F79EFBC}") = "02.CustomLINQExtensionMethods", "02.CustomLINQExtensionMethods\02.CustomLINQExtensionMethods.csproj", "{50810CCC-A29D-4B99-828A-25512E5A947F}"
EndProject
Project("{FAE04EC0-301F-11D3-BF4B-00C04F79EFBC}") = "03-14.ClassStudent", "03.ClassStudent\03-14.ClassStudent.csproj", "{4C75D0B0-EF2C-49BE-B864-C0FB8315C57F}"
EndProject
Global
	GlobalSection(SolutionConfigurationPlatforms) = preSolution
		Debug|Any CPU = Debug|Any CPU
		Release|Any CPU = Release|Any CPU
	EndGlobalSection
	GlobalSection(ProjectConfigurationPlatforms) = postSolution
		{5A8CFF99-EDBB-4929-AC3F-2277EF463643}.Debug|Any CPU.ActiveCfg = Debug|Any CPU
		{5A8CFF99-EDBB-4929-AC3F-2277EF463643}.Debug|Any CPU.Build.0 = Debug|Any CPU
		{5A8CFF99-EDBB-4929-AC3F-2277EF463643}.Release|Any CPU.ActiveCfg = Release|Any CPU
		{5A8CFF99-EDBB-4929-AC3F-2277EF463643}.Release|Any CPU.Build.0 = Release|Any CPU
		{50810CCC-A29D-4B99-828A-25512E5A947F}.Debug|Any CPU.ActiveCfg = Debug|Any CPU
		{50810CCC-A29D-4B99-828A-25512E5A947F}.Debug|Any CPU.Build.0 = Debug|Any CPU
		{50810CCC-A29D-4B99-828A-25512E5A947F}.Release|Any CPU.ActiveCfg = Release|Any CPU
		{50810CCC-A29D-4B99-828A-25512E5A947F}.Release|Any CPU.Build.0 = Release|Any CPU
		{4C75D0B0-EF2C-49BE-B864-C0FB8315C57F}.Debug|Any CPU.ActiveCfg = Debug|Any CPU
		{4C75D0B0-EF2C-49BE-B864-C0FB8315C57F}.Debug|Any CPU.Build.0 = Debug|Any CPU
		{4C75D0B0-EF2C-49BE-B864-C0FB8315C57F}.Release|Any CPU.ActiveCfg = Release|Any CPU
		{4C75D0B0-EF2C-49BE-B864-C0FB8315C57F}.Release|Any CPU.Build.0 = Release|Any CPU
	EndGlobalSection
	GlobalSection(SolutionProperties) = preSolution
		HideSolutionNode = FALSE
	EndGlobalSection
EndGlobal
