
Microsoft Visual Studio Solution File, Format Version 12.00
# Visual Studio 2013
VisualStudioVersion = 12.0.31101.0
MinimumVisualStudioVersion = 10.0.40219.1
Project("{FAE04EC0-301F-11D3-BF4B-00C04F79EFBC}") = "01.StringBuilderExtensions", "01.StringBuilderExtensions\01.StringBuilderExtensions.csproj", "{5A8CFF99-EDBB-4929-AC3F-2277EF463643}"
EndProject
Project("{FAE04EC0-301F-11D3-BF4B-00C04F79EFBC}") = "02.CustomLINQExtensionMethods", "02.CustomLINQExtensionMethods\02.CustomLINQExtensionMethods.csproj", "{50810CCC-A29D-4B99-828A-25512E5A947F}"
EndProject
Project("{FAE04EC0-301F-11D3-BF4B-00C04F79EFBC}") = "03.ClassStudent", "03.ClassStudent\03.ClassStudent.csproj", "{4C75D0B0-EF2C-49BE-B864-C0FB8315C57F}"
EndProject
Project("{FAE04EC0-301F-11D3-BF4B-00C04F79EFBC}") = "04.StudentsByGroup", "04.StudentsByGroup\04.StudentsByGroup.csproj", "{BCE7A626-DD43-4DAE-96C8-EA863ED84DFA}"
EndProject
Project("{FAE04EC0-301F-11D3-BF4B-00C04F79EFBC}") = "05.StudentsByFirstAndLastName", "05.StudentsByFirstAndLastName\05.StudentsByFirstAndLastName.csproj", "{EB4AF821-A490-4B7B-BE4C-90078B12A41E}"
EndProject
Project("{FAE04EC0-301F-11D3-BF4B-00C04F79EFBC}") = "06.StudentsByAge", "06.StudentsByAge\06.StudentsByAge.csproj", "{B950FBC3-FCE5-4068-8A7F-337CB17578CE}"
EndProject
Project("{FAE04EC0-301F-11D3-BF4B-00C04F79EFBC}") = "07.SortStudents", "07.SortStudents\07.SortStudents.csproj", "{F924EBAE-B4A2-494C-8AC8-23A3B889A2D7}"
EndProject
Project("{FAE04EC0-301F-11D3-BF4B-00C04F79EFBC}") = "08.FilterStudentsByEmailDomain", "08.FilterStudentsByEmailDomain\08.FilterStudentsByEmailDomain.csproj", "{D3BDDCC9-DDE2-4D46-A9A3-DA14FFCED587}"
EndProject
Project("{FAE04EC0-301F-11D3-BF4B-00C04F79EFBC}") = "09.FilterStudentsByPhone", "09.FilterStudentsByPhone\09.FilterStudentsByPhone.csproj", "{D8E6E38E-69A7-43C5-A39A-FD92289BF8F3}"
EndProject
Project("{FAE04EC0-301F-11D3-BF4B-00C04F79EFBC}") = "10.ExcellentStudents", "10.ExcellentStudents\10.ExcellentStudents.csproj", "{C8C2AE39-EFDD-4847-8FE5-38A90CF62CCB}"
EndProject
Project("{FAE04EC0-301F-11D3-BF4B-00C04F79EFBC}") = "11.WeakStudents", "11. WeakStudents\11.WeakStudents.csproj", "{D07899AD-6D3A-4940-AD78-A701701382C0}"
EndProject
Project("{FAE04EC0-301F-11D3-BF4B-00C04F79EFBC}") = "12.StudentsEnrolledIn2014", "12.StudentsEnrolledIn2014\12.StudentsEnrolledIn2014.csproj", "{F09F5A8D-4752-4655-B21A-8DC829D9B0C3}"
EndProject
Project("{FAE04EC0-301F-11D3-BF4B-00C04F79EFBC}") = "13.StudentsByGroups", "13.StudentsByGroups\13.StudentsByGroups.csproj", "{89BBE51C-D3B7-464A-8614-013673AECC1F}"
EndProject
Project("{FAE04EC0-301F-11D3-BF4B-00C04F79EFBC}") = "14.StudentsJoinedToSpecialties", "14.StudentsJoinedToSpecialties\14.StudentsJoinedToSpecialties.csproj", "{C9B0F073-F552-49E1-A32F-F5960AF7E2B3}"
EndProject
Project("{FAE04EC0-301F-11D3-BF4B-00C04F79EFBC}") = "15.LINQTOExcel", "15.LINQTOExcel\15.LINQTOExcel.csproj", "{F58C517F-8B6B-4CF8-A3E3-1C6AD2BAEC1C}"
EndProject
Global
	GlobalSection(SolutionConfigurationPlatforms) = preSolution
		Debug|Any CPU = Debug|Any CPU
		Release|Any CPU = Release|Any CPU
	EndGlobalSection
	GlobalSection(ProjectConfigurationPlatforms) = postSolution
		{5A8CFF99-EDBB-4929-AC3F-2277EF463643}.Debug|Any CPU.ActiveCfg = Debug|Any CPU
		{5A8CFF99-EDBB-4929-AC3F-2277EF463643}.Debug|Any CPU.Build.0 = Debug|Any CPU
		{5A8CFF99-EDBB-4929-AC3F-2277EF463643}.Release|Any CPU.ActiveCfg = Release|Any CPU
		{5A8CFF99-EDBB-4929-AC3F-2277EF463643}.Release|Any CPU.Build.0 = Release|Any CPU
		{50810CCC-A29D-4B99-828A-25512E5A947F}.Debug|Any CPU.ActiveCfg = Debug|Any CPU
		{50810CCC-A29D-4B99-828A-25512E5A947F}.Debug|Any CPU.Build.0 = Debug|Any CPU
		{50810CCC-A29D-4B99-828A-25512E5A947F}.Release|Any CPU.ActiveCfg = Release|Any CPU
		{50810CCC-A29D-4B99-828A-25512E5A947F}.Release|Any CPU.Build.0 = Release|Any CPU
		{4C75D0B0-EF2C-49BE-B864-C0FB8315C57F}.Debug|Any CPU.ActiveCfg = Debug|Any CPU
		{4C75D0B0-EF2C-49BE-B864-C0FB8315C57F}.Debug|Any CPU.Build.0 = Debug|Any CPU
		{4C75D0B0-EF2C-49BE-B864-C0FB8315C57F}.Release|Any CPU.ActiveCfg = Release|Any CPU
		{4C75D0B0-EF2C-49BE-B864-C0FB8315C57F}.Release|Any CPU.Build.0 = Release|Any CPU
		{BCE7A626-DD43-4DAE-96C8-EA863ED84DFA}.Debug|Any CPU.ActiveCfg = Debug|Any CPU
		{BCE7A626-DD43-4DAE-96C8-EA863ED84DFA}.Debug|Any CPU.Build.0 = Debug|Any CPU
		{BCE7A626-DD43-4DAE-96C8-EA863ED84DFA}.Release|Any CPU.ActiveCfg = Release|Any CPU
		{BCE7A626-DD43-4DAE-96C8-EA863ED84DFA}.Release|Any CPU.Build.0 = Release|Any CPU
		{EB4AF821-A490-4B7B-BE4C-90078B12A41E}.Debug|Any CPU.ActiveCfg = Debug|Any CPU
		{EB4AF821-A490-4B7B-BE4C-90078B12A41E}.Debug|Any CPU.Build.0 = Debug|Any CPU
		{EB4AF821-A490-4B7B-BE4C-90078B12A41E}.Release|Any CPU.ActiveCfg = Release|Any CPU
		{EB4AF821-A490-4B7B-BE4C-90078B12A41E}.Release|Any CPU.Build.0 = Release|Any CPU
		{B950FBC3-FCE5-4068-8A7F-337CB17578CE}.Debug|Any CPU.ActiveCfg = Debug|Any CPU
		{B950FBC3-FCE5-4068-8A7F-337CB17578CE}.Debug|Any CPU.Build.0 = Debug|Any CPU
		{B950FBC3-FCE5-4068-8A7F-337CB17578CE}.Release|Any CPU.ActiveCfg = Release|Any CPU
		{B950FBC3-FCE5-4068-8A7F-337CB17578CE}.Release|Any CPU.Build.0 = Release|Any CPU
		{F924EBAE-B4A2-494C-8AC8-23A3B889A2D7}.Debug|Any CPU.ActiveCfg = Debug|Any CPU
		{F924EBAE-B4A2-494C-8AC8-23A3B889A2D7}.Debug|Any CPU.Build.0 = Debug|Any CPU
		{F924EBAE-B4A2-494C-8AC8-23A3B889A2D7}.Release|Any CPU.ActiveCfg = Release|Any CPU
		{F924EBAE-B4A2-494C-8AC8-23A3B889A2D7}.Release|Any CPU.Build.0 = Release|Any CPU
		{D3BDDCC9-DDE2-4D46-A9A3-DA14FFCED587}.Debug|Any CPU.ActiveCfg = Debug|Any CPU
		{D3BDDCC9-DDE2-4D46-A9A3-DA14FFCED587}.Debug|Any CPU.Build.0 = Debug|Any CPU
		{D3BDDCC9-DDE2-4D46-A9A3-DA14FFCED587}.Release|Any CPU.ActiveCfg = Release|Any CPU
		{D3BDDCC9-DDE2-4D46-A9A3-DA14FFCED587}.Release|Any CPU.Build.0 = Release|Any CPU
		{D8E6E38E-69A7-43C5-A39A-FD92289BF8F3}.Debug|Any CPU.ActiveCfg = Debug|Any CPU
		{D8E6E38E-69A7-43C5-A39A-FD92289BF8F3}.Debug|Any CPU.Build.0 = Debug|Any CPU
		{D8E6E38E-69A7-43C5-A39A-FD92289BF8F3}.Release|Any CPU.ActiveCfg = Release|Any CPU
		{D8E6E38E-69A7-43C5-A39A-FD92289BF8F3}.Release|Any CPU.Build.0 = Release|Any CPU
		{C8C2AE39-EFDD-4847-8FE5-38A90CF62CCB}.Debug|Any CPU.ActiveCfg = Debug|Any CPU
		{C8C2AE39-EFDD-4847-8FE5-38A90CF62CCB}.Debug|Any CPU.Build.0 = Debug|Any CPU
		{C8C2AE39-EFDD-4847-8FE5-38A90CF62CCB}.Release|Any CPU.ActiveCfg = Release|Any CPU
		{C8C2AE39-EFDD-4847-8FE5-38A90CF62CCB}.Release|Any CPU.Build.0 = Release|Any CPU
		{D07899AD-6D3A-4940-AD78-A701701382C0}.Debug|Any CPU.ActiveCfg = Debug|Any CPU
		{D07899AD-6D3A-4940-AD78-A701701382C0}.Debug|Any CPU.Build.0 = Debug|Any CPU
		{D07899AD-6D3A-4940-AD78-A701701382C0}.Release|Any CPU.ActiveCfg = Release|Any CPU
		{D07899AD-6D3A-4940-AD78-A701701382C0}.Release|Any CPU.Build.0 = Release|Any CPU
		{F09F5A8D-4752-4655-B21A-8DC829D9B0C3}.Debug|Any CPU.ActiveCfg = Debug|Any CPU
		{F09F5A8D-4752-4655-B21A-8DC829D9B0C3}.Debug|Any CPU.Build.0 = Debug|Any CPU
		{F09F5A8D-4752-4655-B21A-8DC829D9B0C3}.Release|Any CPU.ActiveCfg = Release|Any CPU
		{F09F5A8D-4752-4655-B21A-8DC829D9B0C3}.Release|Any CPU.Build.0 = Release|Any CPU
		{89BBE51C-D3B7-464A-8614-013673AECC1F}.Debug|Any CPU.ActiveCfg = Debug|Any CPU
		{89BBE51C-D3B7-464A-8614-013673AECC1F}.Debug|Any CPU.Build.0 = Debug|Any CPU
		{89BBE51C-D3B7-464A-8614-013673AECC1F}.Release|Any CPU.ActiveCfg = Release|Any CPU
		{89BBE51C-D3B7-464A-8614-013673AECC1F}.Release|Any CPU.Build.0 = Release|Any CPU
		{C9B0F073-F552-49E1-A32F-F5960AF7E2B3}.Debug|Any CPU.ActiveCfg = Debug|Any CPU
		{C9B0F073-F552-49E1-A32F-F5960AF7E2B3}.Debug|Any CPU.Build.0 = Debug|Any CPU
		{C9B0F073-F552-49E1-A32F-F5960AF7E2B3}.Release|Any CPU.ActiveCfg = Release|Any CPU
		{C9B0F073-F552-49E1-A32F-F5960AF7E2B3}.Release|Any CPU.Build.0 = Release|Any CPU
		{F58C517F-8B6B-4CF8-A3E3-1C6AD2BAEC1C}.Debug|Any CPU.ActiveCfg = Debug|Any CPU
		{F58C517F-8B6B-4CF8-A3E3-1C6AD2BAEC1C}.Debug|Any CPU.Build.0 = Debug|Any CPU
		{F58C517F-8B6B-4CF8-A3E3-1C6AD2BAEC1C}.Release|Any CPU.ActiveCfg = Release|Any CPU
		{F58C517F-8B6B-4CF8-A3E3-1C6AD2BAEC1C}.Release|Any CPU.Build.0 = Release|Any CPU
	EndGlobalSection
	GlobalSection(SolutionProperties) = preSolution
		HideSolutionNode = FALSE
	EndGlobalSection
EndGlobal
