
Microsoft Visual Studio Solution File, Format Version 12.00
# Visual Studio 2013
VisualStudioVersion = 12.0.21005.1
MinimumVisualStudioVersion = 10.0.40219.1
Project("{FAE04EC0-301F-11D3-BF4B-00C04F79EFBC}") = "TryParseTest", "TryParseTest\TryParseTest.csproj", "{75FAAF6A-08E5-49D2-B591-B744E7645109}"
EndProject
Project("{FAE04EC0-301F-11D3-BF4B-00C04F79EFBC}") = "TryParseTest2", "TryParseTest2\TryParseTest2.csproj", "{97B3034F-51B6-404D-BACC-119E54637E45}"
EndProject
Global
	GlobalSection(SolutionConfigurationPlatforms) = preSolution
		Debug|Any CPU = Debug|Any CPU
		Release|Any CPU = Release|Any CPU
	EndGlobalSection
	GlobalSection(ProjectConfigurationPlatforms) = postSolution
		{75FAAF6A-08E5-49D2-B591-B744E7645109}.Debug|Any CPU.ActiveCfg = Debug|Any CPU
		{75FAAF6A-08E5-49D2-B591-B744E7645109}.Debug|Any CPU.Build.0 = Debug|Any CPU
		{75FAAF6A-08E5-49D2-B591-B744E7645109}.Release|Any CPU.ActiveCfg = Release|Any CPU
		{75FAAF6A-08E5-49D2-B591-B744E7645109}.Release|Any CPU.Build.0 = Release|Any CPU
		{97B3034F-51B6-404D-BACC-119E54637E45}.Debug|Any CPU.ActiveCfg = Debug|Any CPU
		{97B3034F-51B6-404D-BACC-119E54637E45}.Debug|Any CPU.Build.0 = Debug|Any CPU
		{97B3034F-51B6-404D-BACC-119E54637E45}.Release|Any CPU.ActiveCfg = Release|Any CPU
		{97B3034F-51B6-404D-BACC-119E54637E45}.Release|Any CPU.Build.0 = Release|Any CPU
	EndGlobalSection
	GlobalSection(SolutionProperties) = preSolution
		HideSolutionNode = FALSE
	EndGlobalSection
EndGlobal
