
Microsoft Visual Studio Solution File, Format Version 12.00
# Visual Studio 2013
VisualStudioVersion = 12.0.31101.0
MinimumVisualStudioVersion = 10.0.40219.1
Project("{FAE04EC0-301F-11D3-BF4B-00C04F79EFBC}") = "01.GalacticGPS", "01.GalacticGPS\01.GalacticGPS.csproj", "{A83C532E-6516-4321-8FB1-F197DA565D23}"
EndProject
Project("{FAE04EC0-301F-11D3-BF4B-00C04F79EFBC}") = "02.FractionCalculator", "02.FractionCalculator\02.FractionCalculator.csproj", "{EF3CD43E-9C5A-4BD1-A6FC-27C2C9729855}"
EndProject
Project("{FAE04EC0-301F-11D3-BF4B-00C04F79EFBC}") = "03.GenericList_04.Atribute", "03.GenericList\03.GenericList_04.Atribute.csproj", "{81C0B8CD-11C7-4BBB-BDE7-67C7ABBDEC54}"
EndProject
Global
	GlobalSection(SolutionConfigurationPlatforms) = preSolution
		Debug|Any CPU = Debug|Any CPU
		Release|Any CPU = Release|Any CPU
	EndGlobalSection
	GlobalSection(ProjectConfigurationPlatforms) = postSolution
		{A83C532E-6516-4321-8FB1-F197DA565D23}.Debug|Any CPU.ActiveCfg = Debug|Any CPU
		{A83C532E-6516-4321-8FB1-F197DA565D23}.Debug|Any CPU.Build.0 = Debug|Any CPU
		{A83C532E-6516-4321-8FB1-F197DA565D23}.Release|Any CPU.ActiveCfg = Release|Any CPU
		{A83C532E-6516-4321-8FB1-F197DA565D23}.Release|Any CPU.Build.0 = Release|Any CPU
		{EF3CD43E-9C5A-4BD1-A6FC-27C2C9729855}.Debug|Any CPU.ActiveCfg = Debug|Any CPU
		{EF3CD43E-9C5A-4BD1-A6FC-27C2C9729855}.Debug|Any CPU.Build.0 = Debug|Any CPU
		{EF3CD43E-9C5A-4BD1-A6FC-27C2C9729855}.Release|Any CPU.ActiveCfg = Release|Any CPU
		{EF3CD43E-9C5A-4BD1-A6FC-27C2C9729855}.Release|Any CPU.Build.0 = Release|Any CPU
		{81C0B8CD-11C7-4BBB-BDE7-67C7ABBDEC54}.Debug|Any CPU.ActiveCfg = Debug|Any CPU
		{81C0B8CD-11C7-4BBB-BDE7-67C7ABBDEC54}.Debug|Any CPU.Build.0 = Debug|Any CPU
		{81C0B8CD-11C7-4BBB-BDE7-67C7ABBDEC54}.Release|Any CPU.ActiveCfg = Release|Any CPU
		{81C0B8CD-11C7-4BBB-BDE7-67C7ABBDEC54}.Release|Any CPU.Build.0 = Release|Any CPU
	EndGlobalSection
	GlobalSection(SolutionProperties) = preSolution
		HideSolutionNode = FALSE
	EndGlobalSection
EndGlobal
