
Microsoft Visual Studio Solution File, Format Version 12.00
# Visual Studio 2013
VisualStudioVersion = 12.0.31101.0
MinimumVisualStudioVersion = 10.0.40219.1
Project("{FAE04EC0-301F-11D3-BF4B-00C04F79EFBC}") = "Problem-1-Keep-The-Change", "Problem-1-Keep-The-Change\Problem-1-Keep-The-Change.csproj", "{F44504B0-BBFD-44FD-8D1D-2CF6A1D2FE7A}"
EndProject
Project("{FAE04EC0-301F-11D3-BF4B-00C04F79EFBC}") = "Problem 2 – The Numbers", "Problem 2 – The Numbers\Problem 2 – The Numbers.csproj", "{AF7A089C-CC40-4207-82A7-00A599EFBF37}"
EndProject
Global
	GlobalSection(SolutionConfigurationPlatforms) = preSolution
		Debug|Any CPU = Debug|Any CPU
		Release|Any CPU = Release|Any CPU
	EndGlobalSection
	GlobalSection(ProjectConfigurationPlatforms) = postSolution
		{F44504B0-BBFD-44FD-8D1D-2CF6A1D2FE7A}.Debug|Any CPU.ActiveCfg = Debug|Any CPU
		{F44504B0-BBFD-44FD-8D1D-2CF6A1D2FE7A}.Debug|Any CPU.Build.0 = Debug|Any CPU
		{F44504B0-BBFD-44FD-8D1D-2CF6A1D2FE7A}.Release|Any CPU.ActiveCfg = Release|Any CPU
		{F44504B0-BBFD-44FD-8D1D-2CF6A1D2FE7A}.Release|Any CPU.Build.0 = Release|Any CPU
		{AF7A089C-CC40-4207-82A7-00A599EFBF37}.Debug|Any CPU.ActiveCfg = Debug|Any CPU
		{AF7A089C-CC40-4207-82A7-00A599EFBF37}.Debug|Any CPU.Build.0 = Debug|Any CPU
		{AF7A089C-CC40-4207-82A7-00A599EFBF37}.Release|Any CPU.ActiveCfg = Release|Any CPU
		{AF7A089C-CC40-4207-82A7-00A599EFBF37}.Release|Any CPU.Build.0 = Release|Any CPU
	EndGlobalSection
	GlobalSection(SolutionProperties) = preSolution
		HideSolutionNode = FALSE
	EndGlobalSection
EndGlobal
